// !$*UTF8*$!
{
	archiveVersion = 1;
	classes = {
	};
	objectVersion = 46;
	objects = {

/* Begin PBXBuildFile section */
		4EA9177E146D7EB000F7D51F /* libArtificial.a in Frameworks */ = {isa = PBXBuildFile; fileRef = 4E7989F41463002600771A2D /* libArtificial.a */; };
		5BA43D1B18799F560022D421 /* ICollisionID.h in Headers */ = {isa = PBXBuildFile; fileRef = 5BA43D1918799F560022D421 /* ICollisionID.h */; };
		AACBBE4A0F95108600F1A2B1 /* Foundation.framework in Frameworks */ = {isa = PBXBuildFile; fileRef = AACBBE490F95108600F1A2B1 /* Foundation.framework */; };
		B503044C12DBA81E0037B8FF /* ParticleHalfPlaneCollision.m in Sources */ = {isa = PBXBuildFile; fileRef = B503044A12DBA81E0037B8FF /* ParticleHalfPlaneCollision.m */; };
		B503050D12DBBB420037B8FF /* ParticleConvexCollision.m in Sources */ = {isa = PBXBuildFile; fileRef = B503050B12DBBB420037B8FF /* ParticleConvexCollision.m */; };
		B506F406129C23B5002270AC /* SceneAction.m in Sources */ = {isa = PBXBuildFile; fileRef = B506F404129C23B5002270AC /* SceneAction.m */; };
		B506F40A129C24CE002270AC /* SceneEventArgs.m in Sources */ = {isa = PBXBuildFile; fileRef = B506F408129C24CE002270AC /* SceneEventArgs.m */; };
		B506F527129C6D60002270AC /* AARectangleAAHalfPlaneCollision.m in Sources */ = {isa = PBXBuildFile; fileRef = B506F525129C6D60002270AC /* AARectangleAAHalfPlaneCollision.m */; };
		B506F52B129C6D76002270AC /* AARectangleAARectangleCollision.m in Sources */ = {isa = PBXBuildFile; fileRef = B506F529129C6D76002270AC /* AARectangleAARectangleCollision.m */; };
		B506F591129C765E002270AC /* CollisionAlgorithm.m in Sources */ = {isa = PBXBuildFile; fileRef = B506F58F129C765E002270AC /* CollisionAlgorithm.m */; };
		B542795412770AA80015E810 /* Sprite.m in Sources */ = {isa = PBXBuildFile; fileRef = B542795212770AA80015E810 /* Sprite.m */; };
		B594877212AEF1AD00EE601F /* GridScene.m in Sources */ = {isa = PBXBuildFile; fileRef = B594877012AEF1AD00EE601F /* GridScene.m */; };
		B5964C081417A78C0084E928 /* Express.Scene.Objects.classes.h in Headers */ = {isa = PBXBuildFile; fileRef = B542797D12770E750015E810 /* Express.Scene.Objects.classes.h */; };
		B5964C091417A78C0084E928 /* Express.Scene.Objects.h in Headers */ = {isa = PBXBuildFile; fileRef = B542797B12770E580015E810 /* Express.Scene.Objects.h */; };
		B5964C0A1417A78C0084E928 /* IPosition.h in Headers */ = {isa = PBXBuildFile; fileRef = B542797712770DF00015E810 /* IPosition.h */; };
		B5964C0B1417A78C0084E928 /* IVelocity.h in Headers */ = {isa = PBXBuildFile; fileRef = B5F418091277B0DB0012BAF1 /* IVelocity.h */; };
		B5964C0C1417A78C0084E928 /* IMovable.h in Headers */ = {isa = PBXBuildFile; fileRef = B5F4180B1277B10B0012BAF1 /* IMovable.h */; };
		B5964C0D1417A78C0084E928 /* IRotation.h in Headers */ = {isa = PBXBuildFile; fileRef = B5F9086A1292B89D009DBB7A /* IRotation.h */; };
		B5964C0E1417A78C0084E928 /* IAngularVelocity.h in Headers */ = {isa = PBXBuildFile; fileRef = B5F9086C1292B8B0009DBB7A /* IAngularVelocity.h */; };
		B5964C0F1417A78C0084E928 /* IRotatable.h in Headers */ = {isa = PBXBuildFile; fileRef = B5F9086E1292B8BF009DBB7A /* IRotatable.h */; };
		B5964C101417A78C0084E928 /* IRadius.h in Headers */ = {isa = PBXBuildFile; fileRef = B5D463CC12804AF00029B3A6 /* IRadius.h */; };
		B5964C111417A78C0084E928 /* IRectangleSize.h in Headers */ = {isa = PBXBuildFile; fileRef = B5F908721292BA22009DBB7A /* IRectangleSize.h */; };
		B5964C121417A78C0084E928 /* IMass.h in Headers */ = {isa = PBXBuildFile; fileRef = B5D463CA12804ADD0029B3A6 /* IMass.h */; };
		B5964C131417A78C0084E928 /* IAngularMass.h in Headers */ = {isa = PBXBuildFile; fileRef = B503FCBE12DCA35F00ECA895 /* IAngularMass.h */; };
		B5964C141417A78C0084E928 /* ICoefficientOfRestitution.h in Headers */ = {isa = PBXBuildFile; fileRef = B5E617B31280C60A007F8386 /* ICoefficientOfRestitution.h */; };
		B5964C151417A78C0084E928 /* ICoefficientOfFriction.h in Headers */ = {isa = PBXBuildFile; fileRef = B503037D12DB93690037B8FF /* ICoefficientOfFriction.h */; };
		B5964C161417A78C0084E928 /* IParticleCollider.h in Headers */ = {isa = PBXBuildFile; fileRef = B5D463D012804B310029B3A6 /* IParticleCollider.h */; };
		B5964C171417A78C0084E928 /* IHalfPlaneCollider.h in Headers */ = {isa = PBXBuildFile; fileRef = B5D463F512805CAB0029B3A6 /* IHalfPlaneCollider.h */; };
		B5964C181417A78C0084E928 /* IAAHalfPlaneCollider.h in Headers */ = {isa = PBXBuildFile; fileRef = B5F1BE24128A1A8D00E4FDD5 /* IAAHalfPlaneCollider.h */; };
		B5964C191417A78C0084E928 /* IRectangleCollider.h in Headers */ = {isa = PBXBuildFile; fileRef = B5F908681292B847009DBB7A /* IRectangleCollider.h */; };
		B5964C1A1417A78C0084E928 /* IAARectangleCollider.h in Headers */ = {isa = PBXBuildFile; fileRef = B5F908641292B7D3009DBB7A /* IAARectangleCollider.h */; };
		B5964C1B1417A78C0084E928 /* IConvexCollider.h in Headers */ = {isa = PBXBuildFile; fileRef = B5D463D812804BE00029B3A6 /* IConvexCollider.h */; };
		B5964C1C1417A78C0084E928 /* ICustomCollider.h in Headers */ = {isa = PBXBuildFile; fileRef = B5D011F81292D7CA008889BF /* ICustomCollider.h */; };
		B5964C1D1417A78C0084E928 /* IParticle.h in Headers */ = {isa = PBXBuildFile; fileRef = B5D463CE12804B0D0029B3A6 /* IParticle.h */; };
		B5964C1E1417A78C0084E928 /* IAARectangle.h in Headers */ = {isa = PBXBuildFile; fileRef = B503032812DB8D980037B8FF /* IAARectangle.h */; };
		B5964C1F1417A78C0084E928 /* ICircle.h in Headers */ = {isa = PBXBuildFile; fileRef = B50303E412DB9FC20037B8FF /* ICircle.h */; };
		B5964C201417A78C0084E928 /* ILifetime.h in Headers */ = {isa = PBXBuildFile; fileRef = B5F418FB1277B93C0012BAF1 /* ILifetime.h */; };
		B5964C211417A78C0084E928 /* Lifetime.h in Headers */ = {isa = PBXBuildFile; fileRef = B5F418FD1277B9D90012BAF1 /* Lifetime.h */; };
		B5964C231417A78C0084E928 /* ISceneUser.h in Headers */ = {isa = PBXBuildFile; fileRef = B506F26E129C0252002270AC /* ISceneUser.h */; };
		B5964C241417A78C0084E928 /* ICustomUpdate.h in Headers */ = {isa = PBXBuildFile; fileRef = B506F676129C83B0002270AC /* ICustomUpdate.h */; };
		B5964C251417A78C0084E928 /* Express.Scene.classes.h in Headers */ = {isa = PBXBuildFile; fileRef = B5D460BE128012DD0029B3A6 /* Express.Scene.classes.h */; };
		B5964C261417A78C0084E928 /* Express.Scene.h in Headers */ = {isa = PBXBuildFile; fileRef = B5D460BC128012D10029B3A6 /* Express.Scene.h */; };
		B5964C271417A78C0084E928 /* IScene.h in Headers */ = {isa = PBXBuildFile; fileRef = B5D460BA128012930029B3A6 /* IScene.h */; };
		B5964C281417A78C0084E928 /* SceneEventArgs.h in Headers */ = {isa = PBXBuildFile; fileRef = B506F407129C24CE002270AC /* SceneEventArgs.h */; };
		B5964C2A1417A78C0084E928 /* SimpleScene.h in Headers */ = {isa = PBXBuildFile; fileRef = B5D460B6128012700029B3A6 /* SimpleScene.h */; };
		B5964C2C1417A78C0084E928 /* SceneAction.h in Headers */ = {isa = PBXBuildFile; fileRef = B506F403129C23B5002270AC /* SceneAction.h */; };
		B5964C2E1417A78C0084E928 /* GridScene.h in Headers */ = {isa = PBXBuildFile; fileRef = B594876F12AEF1AD00EE601F /* GridScene.h */; };
		B5964C301417A78C0084E928 /* Express.Graphics.classes.h in Headers */ = {isa = PBXBuildFile; fileRef = B5427901127706910015E810 /* Express.Graphics.classes.h */; };
		B5964C311417A78C0084E928 /* Express.Graphics.h in Headers */ = {isa = PBXBuildFile; fileRef = B54278F91277063B0015E810 /* Express.Graphics.h */; };
		B5964C321417A78C0084E928 /* Sprite.h in Headers */ = {isa = PBXBuildFile; fileRef = B542795112770AA80015E810 /* Sprite.h */; };
		B5964C341417A78C0084E928 /* AnimatedSprite.h in Headers */ = {isa = PBXBuildFile; fileRef = B5F419BD1277C3930012BAF1 /* AnimatedSprite.h */; };
		B5964C361417A78C0084E928 /* AnimatedSpriteFrame.h in Headers */ = {isa = PBXBuildFile; fileRef = B5F419C11277C3DE0012BAF1 /* AnimatedSpriteFrame.h */; };
		B5964C381417A78C0084E928 /* DebugRenderer.h in Headers */ = {isa = PBXBuildFile; fileRef = B5F1BCD21289FB1F00E4FDD5 /* DebugRenderer.h */; };
		B5964C3A1417A78C0084E928 /* Express.Physics.classes.h in Headers */ = {isa = PBXBuildFile; fileRef = B5D463C612804A850029B3A6 /* Express.Physics.classes.h */; };
		B5964C3B1417A78C0084E928 /* Express.Physics.h in Headers */ = {isa = PBXBuildFile; fileRef = B5D463C812804A910029B3A6 /* Express.Physics.h */; };
		B5964C3C1417A78C0084E928 /* MovementPhysics.h in Headers */ = {isa = PBXBuildFile; fileRef = B5D463F712805D180029B3A6 /* MovementPhysics.h */; };
		B5964C3E1417A78C0084E928 /* ICollisionAlgorithm.h in Headers */ = {isa = PBXBuildFile; fileRef = B506F55A129C73B9002270AC /* ICollisionAlgorithm.h */; };
		B5964C3F1417A78C0084E928 /* Collision.h in Headers */ = {isa = PBXBuildFile; fileRef = B5E1B80C1289AA0900A73888 /* Collision.h */; };
		B5964C411417A78C0084E928 /* CollisionAlgorithm.h in Headers */ = {isa = PBXBuildFile; fileRef = B506F58E129C765E002270AC /* CollisionAlgorithm.h */; };
		B5964C431417A78C0084E928 /* ParticleParticleCollision.h in Headers */ = {isa = PBXBuildFile; fileRef = B5E6167A1280A63D007F8386 /* ParticleParticleCollision.h */; };
		B5964C451417A78C0084E928 /* ParticleAAHalfPlaneCollision.h in Headers */ = {isa = PBXBuildFile; fileRef = B5F1BF1B128A27BD00E4FDD5 /* ParticleAAHalfPlaneCollision.h */; };
		B5964C471417A78C0084E928 /* ParticleAARectangleCollision.h in Headers */ = {isa = PBXBuildFile; fileRef = B5F909161292C119009DBB7A /* ParticleAARectangleCollision.h */; };
		B5964C491417A78C0084E928 /* AARectangleAAHalfPlaneCollision.h in Headers */ = {isa = PBXBuildFile; fileRef = B506F524129C6D60002270AC /* AARectangleAAHalfPlaneCollision.h */; };
		B5964C4B1417A78C0084E928 /* AARectangleAARectangleCollision.h in Headers */ = {isa = PBXBuildFile; fileRef = B506F528129C6D76002270AC /* AARectangleAARectangleCollision.h */; };
		B5964C4D1417A78C0084E928 /* ParticleHalfPlaneCollision.h in Headers */ = {isa = PBXBuildFile; fileRef = B503044912DBA81E0037B8FF /* ParticleHalfPlaneCollision.h */; };
		B5964C4F1417A78C0084E928 /* ParticleConvexCollision.h in Headers */ = {isa = PBXBuildFile; fileRef = B503050A12DBBB420037B8FF /* ParticleConvexCollision.h */; };
		B5964C511417A78C0084E928 /* Express.Math.classes.h in Headers */ = {isa = PBXBuildFile; fileRef = B5D463DB12804E880029B3A6 /* Express.Math.classes.h */; };
		B5964C521417A78C0084E928 /* Express.Math.h in Headers */ = {isa = PBXBuildFile; fileRef = B5D463DD12804E900029B3A6 /* Express.Math.h */; };
		B5964C531417A78C0084E928 /* MathEnums.h in Headers */ = {isa = PBXBuildFile; fileRef = B5F1BE20128A143300E4FDD5 /* MathEnums.h */; };
		B5964C541417A78C0084E928 /* HalfPlane.h in Headers */ = {isa = PBXBuildFile; fileRef = B5D463DF128054640029B3A6 /* HalfPlane.h */; };
		B5964C561417A78C0084E928 /* AAHalfPlane.h in Headers */ = {isa = PBXBuildFile; fileRef = B5F1BE1C128A13E500E4FDD5 /* AAHalfPlane.h */; };
		B5964C581417A78C0084E928 /* ConvexPolygon.h in Headers */ = {isa = PBXBuildFile; fileRef = B5D463F112805C210029B3A6 /* ConvexPolygon.h */; };
		B5D460B9128012700029B3A6 /* SimpleScene.m in Sources */ = {isa = PBXBuildFile; fileRef = B5D460B7128012700029B3A6 /* SimpleScene.m */; };
		B5D463E2128054640029B3A6 /* HalfPlane.m in Sources */ = {isa = PBXBuildFile; fileRef = B5D463E0128054640029B3A6 /* HalfPlane.m */; };
		B5D463F412805C210029B3A6 /* ConvexPolygon.m in Sources */ = {isa = PBXBuildFile; fileRef = B5D463F212805C210029B3A6 /* ConvexPolygon.m */; };
		B5D4644C1280602F0029B3A6 /* MovementPhysics.m in Sources */ = {isa = PBXBuildFile; fileRef = B5D463F812805D180029B3A6 /* MovementPhysics.m */; };
		B5E1B80F1289AA0900A73888 /* Collision.m in Sources */ = {isa = PBXBuildFile; fileRef = B5E1B80D1289AA0900A73888 /* Collision.m */; };
		B5E6167D1280A63D007F8386 /* ParticleParticleCollision.m in Sources */ = {isa = PBXBuildFile; fileRef = B5E6167B1280A63D007F8386 /* ParticleParticleCollision.m */; };
		B5F1BCD51289FB1F00E4FDD5 /* DebugRenderer.m in Sources */ = {isa = PBXBuildFile; fileRef = B5F1BCD31289FB1F00E4FDD5 /* DebugRenderer.m */; };
		B5F1BE1F128A13E500E4FDD5 /* AAHalfPlane.m in Sources */ = {isa = PBXBuildFile; fileRef = B5F1BE1D128A13E500E4FDD5 /* AAHalfPlane.m */; };
		B5F1BF1E128A27BD00E4FDD5 /* ParticleAAHalfPlaneCollision.m in Sources */ = {isa = PBXBuildFile; fileRef = B5F1BF1C128A27BD00E4FDD5 /* ParticleAAHalfPlaneCollision.m */; };
		B5F419001277B9D90012BAF1 /* Lifetime.m in Sources */ = {isa = PBXBuildFile; fileRef = B5F418FE1277B9D90012BAF1 /* Lifetime.m */; };
		B5F419C01277C3930012BAF1 /* AnimatedSprite.m in Sources */ = {isa = PBXBuildFile; fileRef = B5F419BE1277C3930012BAF1 /* AnimatedSprite.m */; };
		B5F419C41277C3DE0012BAF1 /* AnimatedSpriteFrame.m in Sources */ = {isa = PBXBuildFile; fileRef = B5F419C21277C3DE0012BAF1 /* AnimatedSpriteFrame.m */; };
		B5F909191292C119009DBB7A /* ParticleAARectangleCollision.m in Sources */ = {isa = PBXBuildFile; fileRef = B5F909171292C119009DBB7A /* ParticleAARectangleCollision.m */; };
/* End PBXBuildFile section */

/* Begin PBXContainerItemProxy section */
		4E7989F31463002600771A2D /* PBXContainerItemProxy */ = {
			isa = PBXContainerItemProxy;
			containerPortal = 4E7989EC1463002600771A2D /* Artificial I.xcodeproj */;
			proxyType = 2;
			remoteGlobalIDString = D2AAC07E0554694100DB518D;
			remoteInfo = "Artificial I";
		};
		4EA9175C146C8EB000F7D51F /* PBXContainerItemProxy */ = {
			isa = PBXContainerItemProxy;
			containerPortal = 4E7989EC1463002600771A2D /* Artificial I.xcodeproj */;
			proxyType = 1;
			remoteGlobalIDString = D2AAC07D0554694100DB518D;
			remoteInfo = "Artificial I";
		};
/* End PBXContainerItemProxy section */

/* Begin PBXFileReference section */
		4E7989EC1463002600771A2D /* Artificial I.xcodeproj */ = {isa = PBXFileReference; lastKnownFileType = "wrapper.pb-project"; name = "Artificial I.xcodeproj"; path = "../Artificial I/Artificial I.xcodeproj"; sourceTree = "<group>"; };
		5BA43D1918799F560022D421 /* ICollisionID.h */ = {isa = PBXFileReference; fileEncoding = 4; lastKnownFileType = sourcecode.c.h; name = ICollisionID.h; path = ../../Physics/ICollisionID.h; sourceTree = "<group>"; };
		AA747D9E0F9514B9006C5449 /* Express_Prefix.pch */ = {isa = PBXFileReference; fileEncoding = 4; lastKnownFileType = sourcecode.c.h; path = Express_Prefix.pch; sourceTree = SOURCE_ROOT; };
		AACBBE490F95108600F1A2B1 /* Foundation.framework */ = {isa = PBXFileReference; lastKnownFileType = wrapper.framework; name = Foundation.framework; path = System/Library/Frameworks/Foundation.framework; sourceTree = SDKROOT; };
		B503032812DB8D980037B8FF /* IAARectangle.h */ = {isa = PBXFileReference; fileEncoding = 4; lastKnownFileType = sourcecode.c.h; path = IAARectangle.h; sourceTree = "<group>"; };
		B503037D12DB93690037B8FF /* ICoefficientOfFriction.h */ = {isa = PBXFileReference; fileEncoding = 4; lastKnownFileType = sourcecode.c.h; path = ICoefficientOfFriction.h; sourceTree = "<group>"; };
		B50303E412DB9FC20037B8FF /* ICircle.h */ = {isa = PBXFileReference; fileEncoding = 4; lastKnownFileType = sourcecode.c.h; path = ICircle.h; sourceTree = "<group>"; };
		B503044912DBA81E0037B8FF /* ParticleHalfPlaneCollision.h */ = {isa = PBXFileReference; fileEncoding = 4; lastKnownFileType = sourcecode.c.h; path = ParticleHalfPlaneCollision.h; sourceTree = "<group>"; };
		B503044A12DBA81E0037B8FF /* ParticleHalfPlaneCollision.m */ = {isa = PBXFileReference; fileEncoding = 4; lastKnownFileType = sourcecode.c.objc; path = ParticleHalfPlaneCollision.m; sourceTree = "<group>"; };
		B503050A12DBBB420037B8FF /* ParticleConvexCollision.h */ = {isa = PBXFileReference; fileEncoding = 4; lastKnownFileType = sourcecode.c.h; path = ParticleConvexCollision.h; sourceTree = "<group>"; };
		B503050B12DBBB420037B8FF /* ParticleConvexCollision.m */ = {isa = PBXFileReference; fileEncoding = 4; lastKnownFileType = sourcecode.c.objc; path = ParticleConvexCollision.m; sourceTree = "<group>"; };
		B503FCBE12DCA35F00ECA895 /* IAngularMass.h */ = {isa = PBXFileReference; fileEncoding = 4; lastKnownFileType = sourcecode.c.h; path = IAngularMass.h; sourceTree = "<group>"; };
		B506F26E129C0252002270AC /* ISceneUser.h */ = {isa = PBXFileReference; fileEncoding = 4; lastKnownFileType = sourcecode.c.h; path = ISceneUser.h; sourceTree = "<group>"; };
		B506F403129C23B5002270AC /* SceneAction.h */ = {isa = PBXFileReference; fileEncoding = 4; lastKnownFileType = sourcecode.c.h; path = SceneAction.h; sourceTree = "<group>"; };
		B506F404129C23B5002270AC /* SceneAction.m */ = {isa = PBXFileReference; fileEncoding = 4; lastKnownFileType = sourcecode.c.objc; path = SceneAction.m; sourceTree = "<group>"; };
		B506F407129C24CE002270AC /* SceneEventArgs.h */ = {isa = PBXFileReference; fileEncoding = 4; lastKnownFileType = sourcecode.c.h; path = SceneEventArgs.h; sourceTree = "<group>"; };
		B506F408129C24CE002270AC /* SceneEventArgs.m */ = {isa = PBXFileReference; fileEncoding = 4; lastKnownFileType = sourcecode.c.objc; path = SceneEventArgs.m; sourceTree = "<group>"; };
		B506F524129C6D60002270AC /* AARectangleAAHalfPlaneCollision.h */ = {isa = PBXFileReference; fileEncoding = 4; lastKnownFileType = sourcecode.c.h; path = AARectangleAAHalfPlaneCollision.h; sourceTree = "<group>"; };
		B506F525129C6D60002270AC /* AARectangleAAHalfPlaneCollision.m */ = {isa = PBXFileReference; fileEncoding = 4; lastKnownFileType = sourcecode.c.objc; path = AARectangleAAHalfPlaneCollision.m; sourceTree = "<group>"; };
		B506F528129C6D76002270AC /* AARectangleAARectangleCollision.h */ = {isa = PBXFileReference; fileEncoding = 4; lastKnownFileType = sourcecode.c.h; path = AARectangleAARectangleCollision.h; sourceTree = "<group>"; };
		B506F529129C6D76002270AC /* AARectangleAARectangleCollision.m */ = {isa = PBXFileReference; fileEncoding = 4; lastKnownFileType = sourcecode.c.objc; path = AARectangleAARectangleCollision.m; sourceTree = "<group>"; };
		B506F55A129C73B9002270AC /* ICollisionAlgorithm.h */ = {isa = PBXFileReference; fileEncoding = 4; lastKnownFileType = sourcecode.c.h; path = ICollisionAlgorithm.h; sourceTree = "<group>"; };
		B506F58E129C765E002270AC /* CollisionAlgorithm.h */ = {isa = PBXFileReference; fileEncoding = 4; lastKnownFileType = sourcecode.c.h; path = CollisionAlgorithm.h; sourceTree = "<group>"; };
		B506F58F129C765E002270AC /* CollisionAlgorithm.m */ = {isa = PBXFileReference; fileEncoding = 4; lastKnownFileType = sourcecode.c.objc; path = CollisionAlgorithm.m; sourceTree = "<group>"; };
		B506F676129C83B0002270AC /* ICustomUpdate.h */ = {isa = PBXFileReference; fileEncoding = 4; lastKnownFileType = sourcecode.c.h; path = ICustomUpdate.h; sourceTree = "<group>"; };
		B54278F91277063B0015E810 /* Express.Graphics.h */ = {isa = PBXFileReference; fileEncoding = 4; lastKnownFileType = sourcecode.c.h; path = Express.Graphics.h; sourceTree = "<group>"; };
		B5427901127706910015E810 /* Express.Graphics.classes.h */ = {isa = PBXFileReference; fileEncoding = 4; lastKnownFileType = sourcecode.c.h; path = Express.Graphics.classes.h; sourceTree = "<group>"; };
		B542795112770AA80015E810 /* Sprite.h */ = {isa = PBXFileReference; fileEncoding = 4; lastKnownFileType = sourcecode.c.h; path = Sprite.h; sourceTree = "<group>"; };
		B542795212770AA80015E810 /* Sprite.m */ = {isa = PBXFileReference; fileEncoding = 4; lastKnownFileType = sourcecode.c.objc; path = Sprite.m; sourceTree = "<group>"; };
		B542797712770DF00015E810 /* IPosition.h */ = {isa = PBXFileReference; fileEncoding = 4; lastKnownFileType = sourcecode.c.h; path = IPosition.h; sourceTree = "<group>"; };
		B542797B12770E580015E810 /* Express.Scene.Objects.h */ = {isa = PBXFileReference; fileEncoding = 4; lastKnownFileType = sourcecode.c.h; path = Express.Scene.Objects.h; sourceTree = "<group>"; };
		B542797D12770E750015E810 /* Express.Scene.Objects.classes.h */ = {isa = PBXFileReference; fileEncoding = 4; lastKnownFileType = sourcecode.c.h; path = Express.Scene.Objects.classes.h; sourceTree = "<group>"; };
		B594876F12AEF1AD00EE601F /* GridScene.h */ = {isa = PBXFileReference; fileEncoding = 4; lastKnownFileType = sourcecode.c.h; path = GridScene.h; sourceTree = "<group>"; };
		B594877012AEF1AD00EE601F /* GridScene.m */ = {isa = PBXFileReference; fileEncoding = 4; lastKnownFileType = sourcecode.c.objc; path = GridScene.m; sourceTree = "<group>"; };
		B5D011F81292D7CA008889BF /* ICustomCollider.h */ = {isa = PBXFileReference; fileEncoding = 4; lastKnownFileType = sourcecode.c.h; path = ICustomCollider.h; sourceTree = "<group>"; };
		B5D460B6128012700029B3A6 /* SimpleScene.h */ = {isa = PBXFileReference; fileEncoding = 4; lastKnownFileType = sourcecode.c.h; path = SimpleScene.h; sourceTree = "<group>"; };
		B5D460B7128012700029B3A6 /* SimpleScene.m */ = {isa = PBXFileReference; fileEncoding = 4; lastKnownFileType = sourcecode.c.objc; path = SimpleScene.m; sourceTree = "<group>"; };
		B5D460BA128012930029B3A6 /* IScene.h */ = {isa = PBXFileReference; fileEncoding = 4; lastKnownFileType = sourcecode.c.h; path = IScene.h; sourceTree = "<group>"; };
		B5D460BC128012D10029B3A6 /* Express.Scene.h */ = {isa = PBXFileReference; fileEncoding = 4; lastKnownFileType = sourcecode.c.h; path = Express.Scene.h; sourceTree = "<group>"; };
		B5D460BE128012DD0029B3A6 /* Express.Scene.classes.h */ = {isa = PBXFileReference; fileEncoding = 4; lastKnownFileType = sourcecode.c.h; path = Express.Scene.classes.h; sourceTree = "<group>"; };
		B5D463C612804A850029B3A6 /* Express.Physics.classes.h */ = {isa = PBXFileReference; fileEncoding = 4; lastKnownFileType = sourcecode.c.h; path = Express.Physics.classes.h; sourceTree = "<group>"; };
		B5D463C812804A910029B3A6 /* Express.Physics.h */ = {isa = PBXFileReference; fileEncoding = 4; lastKnownFileType = sourcecode.c.h; path = Express.Physics.h; sourceTree = "<group>"; };
		B5D463CA12804ADD0029B3A6 /* IMass.h */ = {isa = PBXFileReference; fileEncoding = 4; lastKnownFileType = sourcecode.c.h; path = IMass.h; sourceTree = "<group>"; };
		B5D463CC12804AF00029B3A6 /* IRadius.h */ = {isa = PBXFileReference; fileEncoding = 4; lastKnownFileType = sourcecode.c.h; path = IRadius.h; sourceTree = "<group>"; };
		B5D463CE12804B0D0029B3A6 /* IParticle.h */ = {isa = PBXFileReference; fileEncoding = 4; lastKnownFileType = sourcecode.c.h; path = IParticle.h; sourceTree = "<group>"; };
		B5D463D012804B310029B3A6 /* IParticleCollider.h */ = {isa = PBXFileReference; fileEncoding = 4; lastKnownFileType = sourcecode.c.h; path = IParticleCollider.h; sourceTree = "<group>"; };
		B5D463D812804BE00029B3A6 /* IConvexCollider.h */ = {isa = PBXFileReference; fileEncoding = 4; lastKnownFileType = sourcecode.c.h; path = IConvexCollider.h; sourceTree = "<group>"; };
		B5D463DB12804E880029B3A6 /* Express.Math.classes.h */ = {isa = PBXFileReference; fileEncoding = 4; lastKnownFileType = sourcecode.c.h; path = Express.Math.classes.h; sourceTree = "<group>"; };
		B5D463DD12804E900029B3A6 /* Express.Math.h */ = {isa = PBXFileReference; fileEncoding = 4; lastKnownFileType = sourcecode.c.h; path = Express.Math.h; sourceTree = "<group>"; };
		B5D463DF128054640029B3A6 /* HalfPlane.h */ = {isa = PBXFileReference; fileEncoding = 4; lastKnownFileType = sourcecode.c.h; path = HalfPlane.h; sourceTree = "<group>"; };
		B5D463E0128054640029B3A6 /* HalfPlane.m */ = {isa = PBXFileReference; fileEncoding = 4; lastKnownFileType = sourcecode.c.objc; path = HalfPlane.m; sourceTree = "<group>"; };
		B5D463F112805C210029B3A6 /* ConvexPolygon.h */ = {isa = PBXFileReference; fileEncoding = 4; lastKnownFileType = sourcecode.c.h; path = ConvexPolygon.h; sourceTree = "<group>"; };
		B5D463F212805C210029B3A6 /* ConvexPolygon.m */ = {isa = PBXFileReference; fileEncoding = 4; lastKnownFileType = sourcecode.c.objc; path = ConvexPolygon.m; sourceTree = "<group>"; };
		B5D463F512805CAB0029B3A6 /* IHalfPlaneCollider.h */ = {isa = PBXFileReference; fileEncoding = 4; lastKnownFileType = sourcecode.c.h; path = IHalfPlaneCollider.h; sourceTree = "<group>"; };
		B5D463F712805D180029B3A6 /* MovementPhysics.h */ = {isa = PBXFileReference; fileEncoding = 4; lastKnownFileType = sourcecode.c.h; path = MovementPhysics.h; sourceTree = "<group>"; };
		B5D463F812805D180029B3A6 /* MovementPhysics.m */ = {isa = PBXFileReference; fileEncoding = 4; lastKnownFileType = sourcecode.c.objc; path = MovementPhysics.m; sourceTree = "<group>"; };
		B5E1B80C1289AA0900A73888 /* Collision.h */ = {isa = PBXFileReference; fileEncoding = 4; lastKnownFileType = sourcecode.c.h; path = Collision.h; sourceTree = "<group>"; };
		B5E1B80D1289AA0900A73888 /* Collision.m */ = {isa = PBXFileReference; fileEncoding = 4; lastKnownFileType = sourcecode.c.objc; path = Collision.m; sourceTree = "<group>"; };
		B5E6167A1280A63D007F8386 /* ParticleParticleCollision.h */ = {isa = PBXFileReference; fileEncoding = 4; lastKnownFileType = sourcecode.c.h; path = ParticleParticleCollision.h; sourceTree = "<group>"; };
		B5E6167B1280A63D007F8386 /* ParticleParticleCollision.m */ = {isa = PBXFileReference; fileEncoding = 4; lastKnownFileType = sourcecode.c.objc; path = ParticleParticleCollision.m; sourceTree = "<group>"; };
		B5E617B31280C60A007F8386 /* ICoefficientOfRestitution.h */ = {isa = PBXFileReference; fileEncoding = 4; lastKnownFileType = sourcecode.c.h; path = ICoefficientOfRestitution.h; sourceTree = "<group>"; };
		B5F1BCD21289FB1F00E4FDD5 /* DebugRenderer.h */ = {isa = PBXFileReference; fileEncoding = 4; lastKnownFileType = sourcecode.c.h; path = DebugRenderer.h; sourceTree = "<group>"; };
		B5F1BCD31289FB1F00E4FDD5 /* DebugRenderer.m */ = {isa = PBXFileReference; fileEncoding = 4; lastKnownFileType = sourcecode.c.objc; path = DebugRenderer.m; sourceTree = "<group>"; };
		B5F1BE1C128A13E500E4FDD5 /* AAHalfPlane.h */ = {isa = PBXFileReference; fileEncoding = 4; lastKnownFileType = sourcecode.c.h; path = AAHalfPlane.h; sourceTree = "<group>"; };
		B5F1BE1D128A13E500E4FDD5 /* AAHalfPlane.m */ = {isa = PBXFileReference; fileEncoding = 4; lastKnownFileType = sourcecode.c.objc; path = AAHalfPlane.m; sourceTree = "<group>"; };
		B5F1BE20128A143300E4FDD5 /* MathEnums.h */ = {isa = PBXFileReference; fileEncoding = 4; lastKnownFileType = sourcecode.c.h; path = MathEnums.h; sourceTree = "<group>"; };
		B5F1BE24128A1A8D00E4FDD5 /* IAAHalfPlaneCollider.h */ = {isa = PBXFileReference; fileEncoding = 4; lastKnownFileType = sourcecode.c.h; path = IAAHalfPlaneCollider.h; sourceTree = "<group>"; };
		B5F1BF1B128A27BD00E4FDD5 /* ParticleAAHalfPlaneCollision.h */ = {isa = PBXFileReference; fileEncoding = 4; lastKnownFileType = sourcecode.c.h; path = ParticleAAHalfPlaneCollision.h; sourceTree = "<group>"; };
		B5F1BF1C128A27BD00E4FDD5 /* ParticleAAHalfPlaneCollision.m */ = {isa = PBXFileReference; fileEncoding = 4; lastKnownFileType = sourcecode.c.objc; path = ParticleAAHalfPlaneCollision.m; sourceTree = "<group>"; };
		B5F418091277B0DB0012BAF1 /* IVelocity.h */ = {isa = PBXFileReference; fileEncoding = 4; lastKnownFileType = sourcecode.c.h; path = IVelocity.h; sourceTree = "<group>"; };
		B5F4180B1277B10B0012BAF1 /* IMovable.h */ = {isa = PBXFileReference; fileEncoding = 4; lastKnownFileType = sourcecode.c.h; path = IMovable.h; sourceTree = "<group>"; };
		B5F418FB1277B93C0012BAF1 /* ILifetime.h */ = {isa = PBXFileReference; fileEncoding = 4; lastKnownFileType = sourcecode.c.h; path = ILifetime.h; sourceTree = "<group>"; };
		B5F418FD1277B9D90012BAF1 /* Lifetime.h */ = {isa = PBXFileReference; fileEncoding = 4; lastKnownFileType = sourcecode.c.h; path = Lifetime.h; sourceTree = "<group>"; };
		B5F418FE1277B9D90012BAF1 /* Lifetime.m */ = {isa = PBXFileReference; fileEncoding = 4; lastKnownFileType = sourcecode.c.objc; path = Lifetime.m; sourceTree = "<group>"; };
		B5F419BD1277C3930012BAF1 /* AnimatedSprite.h */ = {isa = PBXFileReference; fileEncoding = 4; lastKnownFileType = sourcecode.c.h; path = AnimatedSprite.h; sourceTree = "<group>"; };
		B5F419BE1277C3930012BAF1 /* AnimatedSprite.m */ = {isa = PBXFileReference; fileEncoding = 4; lastKnownFileType = sourcecode.c.objc; path = AnimatedSprite.m; sourceTree = "<group>"; };
		B5F419C11277C3DE0012BAF1 /* AnimatedSpriteFrame.h */ = {isa = PBXFileReference; fileEncoding = 4; lastKnownFileType = sourcecode.c.h; path = AnimatedSpriteFrame.h; sourceTree = "<group>"; };
		B5F419C21277C3DE0012BAF1 /* AnimatedSpriteFrame.m */ = {isa = PBXFileReference; fileEncoding = 4; lastKnownFileType = sourcecode.c.objc; path = AnimatedSpriteFrame.m; sourceTree = "<group>"; };
		B5F908641292B7D3009DBB7A /* IAARectangleCollider.h */ = {isa = PBXFileReference; fileEncoding = 4; lastKnownFileType = sourcecode.c.h; path = IAARectangleCollider.h; sourceTree = "<group>"; };
		B5F908681292B847009DBB7A /* IRectangleCollider.h */ = {isa = PBXFileReference; fileEncoding = 4; lastKnownFileType = sourcecode.c.h; path = IRectangleCollider.h; sourceTree = "<group>"; };
		B5F9086A1292B89D009DBB7A /* IRotation.h */ = {isa = PBXFileReference; fileEncoding = 4; lastKnownFileType = sourcecode.c.h; path = IRotation.h; sourceTree = "<group>"; };
		B5F9086C1292B8B0009DBB7A /* IAngularVelocity.h */ = {isa = PBXFileReference; fileEncoding = 4; lastKnownFileType = sourcecode.c.h; path = IAngularVelocity.h; sourceTree = "<group>"; };
		B5F9086E1292B8BF009DBB7A /* IRotatable.h */ = {isa = PBXFileReference; fileEncoding = 4; lastKnownFileType = sourcecode.c.h; path = IRotatable.h; sourceTree = "<group>"; };
		B5F908721292BA22009DBB7A /* IRectangleSize.h */ = {isa = PBXFileReference; fileEncoding = 4; lastKnownFileType = sourcecode.c.h; path = IRectangleSize.h; sourceTree = "<group>"; };
		B5F909161292C119009DBB7A /* ParticleAARectangleCollision.h */ = {isa = PBXFileReference; fileEncoding = 4; lastKnownFileType = sourcecode.c.h; path = ParticleAARectangleCollision.h; sourceTree = "<group>"; };
		B5F909171292C119009DBB7A /* ParticleAARectangleCollision.m */ = {isa = PBXFileReference; fileEncoding = 4; lastKnownFileType = sourcecode.c.objc; path = ParticleAARectangleCollision.m; sourceTree = "<group>"; };
		D2AAC07E0554694100DB518D /* libExpress.a */ = {isa = PBXFileReference; explicitFileType = archive.ar; includeInIndex = 0; path = libExpress.a; sourceTree = BUILT_PRODUCTS_DIR; };
/* End PBXFileReference section */

/* Begin PBXFrameworksBuildPhase section */
		D2AAC07C0554694100DB518D /* Frameworks */ = {
			isa = PBXFrameworksBuildPhase;
			buildActionMask = 2147483647;
			files = (
				4EA9177E146D7EB000F7D51F /* libArtificial.a in Frameworks */,
				AACBBE4A0F95108600F1A2B1 /* Foundation.framework in Frameworks */,
			);
			runOnlyForDeploymentPostprocessing = 0;
		};
/* End PBXFrameworksBuildPhase section */

/* Begin PBXGroup section */
		034768DFFF38A50411DB9C8B /* Products */ = {
			isa = PBXGroup;
			children = (
				D2AAC07E0554694100DB518D /* libExpress.a */,
			);
			name = Products;
			sourceTree = "<group>";
		};
		0867D691FE84028FC02AAC07 /* Express */ = {
			isa = PBXGroup;
			children = (
				32C88DFF0371C24200C91783 /* Other Sources */,
				4E7989EC1463002600771A2D /* Artificial I.xcodeproj */,
				08FB77AEFE84172EC02AAC07 /* Classes */,
				0867D69AFE84028FC02AAC07 /* Frameworks */,
				034768DFFF38A50411DB9C8B /* Products */,
			);
			name = Express;
			sourceTree = "<group>";
		};
		0867D69AFE84028FC02AAC07 /* Frameworks */ = {
			isa = PBXGroup;
			children = (
				AACBBE490F95108600F1A2B1 /* Foundation.framework */,
			);
			name = Frameworks;
			sourceTree = "<group>";
		};
		08FB77AEFE84172EC02AAC07 /* Classes */ = {
			isa = PBXGroup;
			children = (
				B54278941277046F0015E810 /* Express */,
			);
			path = Classes;
			sourceTree = "<group>";
		};
		32C88DFF0371C24200C91783 /* Other Sources */ = {
			isa = PBXGroup;
			children = (
				AA747D9E0F9514B9006C5449 /* Express_Prefix.pch */,
			);
			name = "Other Sources";
			sourceTree = "<group>";
		};
		4E7989ED1463002600771A2D /* Products */ = {
			isa = PBXGroup;
			children = (
				4E7989F41463002600771A2D /* libArtificial.a */,
			);
			name = Products;
			sourceTree = "<group>";
		};
		B503032A12DB8DC90037B8FF /* Composites */ = {
			isa = PBXGroup;
			children = (
				B5D463CE12804B0D0029B3A6 /* IParticle.h */,
				B503032812DB8D980037B8FF /* IAARectangle.h */,
				B50303E412DB9FC20037B8FF /* ICircle.h */,
			);
			name = Composites;
			sourceTree = "<group>";
		};
		B503044D12DBA8290037B8FF /* AxisAligned */ = {
			isa = PBXGroup;
			children = (
				B5F1BF1B128A27BD00E4FDD5 /* ParticleAAHalfPlaneCollision.h */,
				B5F1BF1C128A27BD00E4FDD5 /* ParticleAAHalfPlaneCollision.m */,
				B5F909161292C119009DBB7A /* ParticleAARectangleCollision.h */,
				B5F909171292C119009DBB7A /* ParticleAARectangleCollision.m */,
				B506F524129C6D60002270AC /* AARectangleAAHalfPlaneCollision.h */,
				B506F525129C6D60002270AC /* AARectangleAAHalfPlaneCollision.m */,
				B506F528129C6D76002270AC /* AARectangleAARectangleCollision.h */,
				B506F529129C6D76002270AC /* AARectangleAARectangleCollision.m */,
			);
			name = AxisAligned;
			sourceTree = "<group>";
		};
		B503044E12DBA8310037B8FF /* Arbitrary */ = {
			isa = PBXGroup;
			children = (
				B503044912DBA81E0037B8FF /* ParticleHalfPlaneCollision.h */,
				B503044A12DBA81E0037B8FF /* ParticleHalfPlaneCollision.m */,
				B503050A12DBBB420037B8FF /* ParticleConvexCollision.h */,
				B503050B12DBBB420037B8FF /* ParticleConvexCollision.m */,
			);
			name = Arbitrary;
			sourceTree = "<group>";
		};
		B54278941277046F0015E810 /* Express */ = {
			isa = PBXGroup;
			children = (
				B542797112770CF60015E810 /* Scene */,
				B5427896127705030015E810 /* Graphics */,
				B5D463C512804A620029B3A6 /* Physics */,
				B5D463DA12804E730029B3A6 /* Math */,
			);
			path = Express;
			sourceTree = "<group>";
		};
		B5427896127705030015E810 /* Graphics */ = {
			isa = PBXGroup;
			children = (
				B5427901127706910015E810 /* Express.Graphics.classes.h */,
				B54278F91277063B0015E810 /* Express.Graphics.h */,
				B542795112770AA80015E810 /* Sprite.h */,
				B542795212770AA80015E810 /* Sprite.m */,
				B5F419BD1277C3930012BAF1 /* AnimatedSprite.h */,
				B5F419BE1277C3930012BAF1 /* AnimatedSprite.m */,
				B5F419C11277C3DE0012BAF1 /* AnimatedSpriteFrame.h */,
				B5F419C21277C3DE0012BAF1 /* AnimatedSpriteFrame.m */,
				B5F1BCD21289FB1F00E4FDD5 /* DebugRenderer.h */,
				B5F1BCD31289FB1F00E4FDD5 /* DebugRenderer.m */,
			);
			path = Graphics;
			sourceTree = "<group>";
		};
		B542797112770CF60015E810 /* Scene */ = {
			isa = PBXGroup;
			children = (
				B542797212770D1C0015E810 /* Objects */,
				B5D460BE128012DD0029B3A6 /* Express.Scene.classes.h */,
				B5D460BC128012D10029B3A6 /* Express.Scene.h */,
				B5D460BA128012930029B3A6 /* IScene.h */,
				B506F407129C24CE002270AC /* SceneEventArgs.h */,
				B506F408129C24CE002270AC /* SceneEventArgs.m */,
				B5D460B6128012700029B3A6 /* SimpleScene.h */,
				B5D460B7128012700029B3A6 /* SimpleScene.m */,
				B506F403129C23B5002270AC /* SceneAction.h */,
				B506F404129C23B5002270AC /* SceneAction.m */,
				B594876F12AEF1AD00EE601F /* GridScene.h */,
				B594877012AEF1AD00EE601F /* GridScene.m */,
			);
			path = Scene;
			sourceTree = "<group>";
		};
		B542797212770D1C0015E810 /* Objects */ = {
			isa = PBXGroup;
			children = (
				B542797D12770E750015E810 /* Express.Scene.Objects.classes.h */,
				B542797B12770E580015E810 /* Express.Scene.Objects.h */,
				B5D011FA1292D7F7008889BF /* Movement */,
				B5D011FB1292D802008889BF /* Rotation */,
				B5D011FD1292D81E008889BF /* Shapes */,
				B5D011FC1292D80E008889BF /* Physical Properties */,
				B5D011FE1292D83E008889BF /* Colliders */,
				B503032A12DB8DC90037B8FF /* Composites */,
				B5F418FB1277B93C0012BAF1 /* ILifetime.h */,
				B5F418FD1277B9D90012BAF1 /* Lifetime.h */,
				B5F418FE1277B9D90012BAF1 /* Lifetime.m */,
				B506F26E129C0252002270AC /* ISceneUser.h */,
				B506F676129C83B0002270AC /* ICustomUpdate.h */,
			);
			path = Objects;
			sourceTree = "<group>";
		};
		B5D011FA1292D7F7008889BF /* Movement */ = {
			isa = PBXGroup;
			children = (
				B542797712770DF00015E810 /* IPosition.h */,
				B5F418091277B0DB0012BAF1 /* IVelocity.h */,
				B5F4180B1277B10B0012BAF1 /* IMovable.h */,
			);
			name = Movement;
			sourceTree = "<group>";
		};
		B5D011FB1292D802008889BF /* Rotation */ = {
			isa = PBXGroup;
			children = (
				B5F9086A1292B89D009DBB7A /* IRotation.h */,
				B5F9086C1292B8B0009DBB7A /* IAngularVelocity.h */,
				B5F9086E1292B8BF009DBB7A /* IRotatable.h */,
			);
			name = Rotation;
			sourceTree = "<group>";
		};
		B5D011FC1292D80E008889BF /* Physical Properties */ = {
			isa = PBXGroup;
			children = (
				5BA43D1918799F560022D421 /* ICollisionID.h */,
				B5D463CA12804ADD0029B3A6 /* IMass.h */,
				B503FCBE12DCA35F00ECA895 /* IAngularMass.h */,
				B5E617B31280C60A007F8386 /* ICoefficientOfRestitution.h */,
				B503037D12DB93690037B8FF /* ICoefficientOfFriction.h */,
			);
			name = "Physical Properties";
			sourceTree = "<group>";
		};
		B5D011FD1292D81E008889BF /* Shapes */ = {
			isa = PBXGroup;
			children = (
				B5D463CC12804AF00029B3A6 /* IRadius.h */,
				B5F908721292BA22009DBB7A /* IRectangleSize.h */,
			);
			name = Shapes;
			sourceTree = "<group>";
		};
		B5D011FE1292D83E008889BF /* Colliders */ = {
			isa = PBXGroup;
			children = (
				B5D463D012804B310029B3A6 /* IParticleCollider.h */,
				B5D463F512805CAB0029B3A6 /* IHalfPlaneCollider.h */,
				B5F1BE24128A1A8D00E4FDD5 /* IAAHalfPlaneCollider.h */,
				B5F908681292B847009DBB7A /* IRectangleCollider.h */,
				B5F908641292B7D3009DBB7A /* IAARectangleCollider.h */,
				B5D463D812804BE00029B3A6 /* IConvexCollider.h */,
				B5D011F81292D7CA008889BF /* ICustomCollider.h */,
			);
			name = Colliders;
			sourceTree = "<group>";
		};
		B5D463C512804A620029B3A6 /* Physics */ = {
			isa = PBXGroup;
			children = (
				B5D463C612804A850029B3A6 /* Express.Physics.classes.h */,
				B5D463C812804A910029B3A6 /* Express.Physics.h */,
				B5D463F712805D180029B3A6 /* MovementPhysics.h */,
				B5D463F812805D180029B3A6 /* MovementPhysics.m */,
				B5E6167E1280A642007F8386 /* Collision */,
			);
			path = Physics;
			sourceTree = "<group>";
		};
		B5D463DA12804E730029B3A6 /* Math */ = {
			isa = PBXGroup;
			children = (
				B5D463DB12804E880029B3A6 /* Express.Math.classes.h */,
				B5D463DD12804E900029B3A6 /* Express.Math.h */,
				B5F1BE20128A143300E4FDD5 /* MathEnums.h */,
				B5D463DF128054640029B3A6 /* HalfPlane.h */,
				B5D463E0128054640029B3A6 /* HalfPlane.m */,
				B5F1BE1C128A13E500E4FDD5 /* AAHalfPlane.h */,
				B5F1BE1D128A13E500E4FDD5 /* AAHalfPlane.m */,
				B5D463F112805C210029B3A6 /* ConvexPolygon.h */,
				B5D463F212805C210029B3A6 /* ConvexPolygon.m */,
			);
			path = Math;
			sourceTree = "<group>";
		};
		B5E6167E1280A642007F8386 /* Collision */ = {
			isa = PBXGroup;
			children = (
				B506F55A129C73B9002270AC /* ICollisionAlgorithm.h */,
				B5E1B80C1289AA0900A73888 /* Collision.h */,
				B5E1B80D1289AA0900A73888 /* Collision.m */,
				B506F58E129C765E002270AC /* CollisionAlgorithm.h */,
				B506F58F129C765E002270AC /* CollisionAlgorithm.m */,
				B5E6167A1280A63D007F8386 /* ParticleParticleCollision.h */,
				B5E6167B1280A63D007F8386 /* ParticleParticleCollision.m */,
				B503044D12DBA8290037B8FF /* AxisAligned */,
				B503044E12DBA8310037B8FF /* Arbitrary */,
			);
			name = Collision;
			sourceTree = "<group>";
		};
/* End PBXGroup section */

/* Begin PBXHeadersBuildPhase section */
		B5964C071417A76D0084E928 /* Headers */ = {
			isa = PBXHeadersBuildPhase;
			buildActionMask = 2147483647;
			files = (
				5BA43D1B18799F560022D421 /* ICollisionID.h in Headers */,
				B5964C081417A78C0084E928 /* Express.Scene.Objects.classes.h in Headers */,
				B5964C091417A78C0084E928 /* Express.Scene.Objects.h in Headers */,
				B5964C0A1417A78C0084E928 /* IPosition.h in Headers */,
				B5964C0B1417A78C0084E928 /* IVelocity.h in Headers */,
				B5964C0C1417A78C0084E928 /* IMovable.h in Headers */,
				B5964C0D1417A78C0084E928 /* IRotation.h in Headers */,
				B5964C0E1417A78C0084E928 /* IAngularVelocity.h in Headers */,
				B5964C0F1417A78C0084E928 /* IRotatable.h in Headers */,
				B5964C101417A78C0084E928 /* IRadius.h in Headers */,
				B5964C111417A78C0084E928 /* IRectangleSize.h in Headers */,
				B5964C121417A78C0084E928 /* IMass.h in Headers */,
				B5964C131417A78C0084E928 /* IAngularMass.h in Headers */,
				B5964C141417A78C0084E928 /* ICoefficientOfRestitution.h in Headers */,
				B5964C151417A78C0084E928 /* ICoefficientOfFriction.h in Headers */,
				B5964C161417A78C0084E928 /* IParticleCollider.h in Headers */,
				B5964C171417A78C0084E928 /* IHalfPlaneCollider.h in Headers */,
				B5964C181417A78C0084E928 /* IAAHalfPlaneCollider.h in Headers */,
				B5964C191417A78C0084E928 /* IRectangleCollider.h in Headers */,
				B5964C1A1417A78C0084E928 /* IAARectangleCollider.h in Headers */,
				B5964C1B1417A78C0084E928 /* IConvexCollider.h in Headers */,
				B5964C1C1417A78C0084E928 /* ICustomCollider.h in Headers */,
				B5964C1D1417A78C0084E928 /* IParticle.h in Headers */,
				B5964C1E1417A78C0084E928 /* IAARectangle.h in Headers */,
				B5964C1F1417A78C0084E928 /* ICircle.h in Headers */,
				B5964C201417A78C0084E928 /* ILifetime.h in Headers */,
				B5964C211417A78C0084E928 /* Lifetime.h in Headers */,
				B5964C231417A78C0084E928 /* ISceneUser.h in Headers */,
				B5964C241417A78C0084E928 /* ICustomUpdate.h in Headers */,
				B5964C251417A78C0084E928 /* Express.Scene.classes.h in Headers */,
				B5964C261417A78C0084E928 /* Express.Scene.h in Headers */,
				B5964C271417A78C0084E928 /* IScene.h in Headers */,
				B5964C281417A78C0084E928 /* SceneEventArgs.h in Headers */,
				B5964C2A1417A78C0084E928 /* SimpleScene.h in Headers */,
				B5964C2C1417A78C0084E928 /* SceneAction.h in Headers */,
				B5964C2E1417A78C0084E928 /* GridScene.h in Headers */,
				B5964C301417A78C0084E928 /* Express.Graphics.classes.h in Headers */,
				B5964C311417A78C0084E928 /* Express.Graphics.h in Headers */,
				B5964C321417A78C0084E928 /* Sprite.h in Headers */,
				B5964C341417A78C0084E928 /* AnimatedSprite.h in Headers */,
				B5964C361417A78C0084E928 /* AnimatedSpriteFrame.h in Headers */,
				B5964C381417A78C0084E928 /* DebugRenderer.h in Headers */,
				B5964C3A1417A78C0084E928 /* Express.Physics.classes.h in Headers */,
				B5964C3B1417A78C0084E928 /* Express.Physics.h in Headers */,
				B5964C3C1417A78C0084E928 /* MovementPhysics.h in Headers */,
				B5964C3E1417A78C0084E928 /* ICollisionAlgorithm.h in Headers */,
				B5964C3F1417A78C0084E928 /* Collision.h in Headers */,
				B5964C411417A78C0084E928 /* CollisionAlgorithm.h in Headers */,
				B5964C431417A78C0084E928 /* ParticleParticleCollision.h in Headers */,
				B5964C451417A78C0084E928 /* ParticleAAHalfPlaneCollision.h in Headers */,
				B5964C471417A78C0084E928 /* ParticleAARectangleCollision.h in Headers */,
				B5964C491417A78C0084E928 /* AARectangleAAHalfPlaneCollision.h in Headers */,
				B5964C4B1417A78C0084E928 /* AARectangleAARectangleCollision.h in Headers */,
				B5964C4D1417A78C0084E928 /* ParticleHalfPlaneCollision.h in Headers */,
				B5964C4F1417A78C0084E928 /* ParticleConvexCollision.h in Headers */,
				B5964C511417A78C0084E928 /* Express.Math.classes.h in Headers */,
				B5964C521417A78C0084E928 /* Express.Math.h in Headers */,
				B5964C531417A78C0084E928 /* MathEnums.h in Headers */,
				B5964C541417A78C0084E928 /* HalfPlane.h in Headers */,
				B5964C561417A78C0084E928 /* AAHalfPlane.h in Headers */,
				B5964C581417A78C0084E928 /* ConvexPolygon.h in Headers */,
			);
			runOnlyForDeploymentPostprocessing = 0;
		};
/* End PBXHeadersBuildPhase section */

/* Begin PBXNativeTarget section */
		D2AAC07D0554694100DB518D /* Express */ = {
			isa = PBXNativeTarget;
			buildConfigurationList = 1DEB921E08733DC00010E9CD /* Build configuration list for PBXNativeTarget "Express" */;
			buildPhases = (
				B5964C071417A76D0084E928 /* Headers */,
				D2AAC07B0554694100DB518D /* Sources */,
				D2AAC07C0554694100DB518D /* Frameworks */,
			);
			buildRules = (
			);
			dependencies = (
				4EA9175D146C8EB000F7D51F /* PBXTargetDependency */,
			);
			name = Express;
			productName = Express;
			productReference = D2AAC07E0554694100DB518D /* libExpress.a */;
			productType = "com.apple.product-type.library.static";
		};
/* End PBXNativeTarget section */

/* Begin PBXProject section */
		0867D690FE84028FC02AAC07 /* Project object */ = {
			isa = PBXProject;
			attributes = {
				LastUpgradeCheck = 0410;
			};
			buildConfigurationList = 1DEB922208733DC00010E9CD /* Build configuration list for PBXProject "Express" */;
			compatibilityVersion = "Xcode 3.2";
			developmentRegion = English;
			hasScannedForEncodings = 1;
			knownRegions = (
				English,
				Japanese,
				French,
				German,
			);
			mainGroup = 0867D691FE84028FC02AAC07 /* Express */;
			productRefGroup = 034768DFFF38A50411DB9C8B /* Products */;
			projectDirPath = "";
			projectReferences = (
				{
					ProductGroup = 4E7989ED1463002600771A2D /* Products */;
					ProjectRef = 4E7989EC1463002600771A2D /* Artificial I.xcodeproj */;
				},
			);
			projectRoot = "";
			targets = (
				D2AAC07D0554694100DB518D /* Express */,
			);
		};
/* End PBXProject section */

/* Begin PBXReferenceProxy section */
		4E7989F41463002600771A2D /* libArtificial.a */ = {
			isa = PBXReferenceProxy;
			fileType = archive.ar;
			path = libArtificial.a;
			remoteRef = 4E7989F31463002600771A2D /* PBXContainerItemProxy */;
			sourceTree = BUILT_PRODUCTS_DIR;
		};
/* End PBXReferenceProxy section */

/* Begin PBXSourcesBuildPhase section */
		D2AAC07B0554694100DB518D /* Sources */ = {
			isa = PBXSourcesBuildPhase;
			buildActionMask = 2147483647;
			files = (
				B5D4644C1280602F0029B3A6 /* MovementPhysics.m in Sources */,
				B542795412770AA80015E810 /* Sprite.m in Sources */,
				B5F419001277B9D90012BAF1 /* Lifetime.m in Sources */,
				B5F419C01277C3930012BAF1 /* AnimatedSprite.m in Sources */,
				B5F419C41277C3DE0012BAF1 /* AnimatedSpriteFrame.m in Sources */,
				B5D460B9128012700029B3A6 /* SimpleScene.m in Sources */,
				B5D463E2128054640029B3A6 /* HalfPlane.m in Sources */,
				B5D463F412805C210029B3A6 /* ConvexPolygon.m in Sources */,
				B5E6167D1280A63D007F8386 /* ParticleParticleCollision.m in Sources */,
				B5E1B80F1289AA0900A73888 /* Collision.m in Sources */,
				B5F1BCD51289FB1F00E4FDD5 /* DebugRenderer.m in Sources */,
				B5F1BE1F128A13E500E4FDD5 /* AAHalfPlane.m in Sources */,
				B5F1BF1E128A27BD00E4FDD5 /* ParticleAAHalfPlaneCollision.m in Sources */,
				B5F909191292C119009DBB7A /* ParticleAARectangleCollision.m in Sources */,
				B506F406129C23B5002270AC /* SceneAction.m in Sources */,
				B506F40A129C24CE002270AC /* SceneEventArgs.m in Sources */,
				B506F527129C6D60002270AC /* AARectangleAAHalfPlaneCollision.m in Sources */,
				B506F52B129C6D76002270AC /* AARectangleAARectangleCollision.m in Sources */,
				B506F591129C765E002270AC /* CollisionAlgorithm.m in Sources */,
				B594877212AEF1AD00EE601F /* GridScene.m in Sources */,
				B503044C12DBA81E0037B8FF /* ParticleHalfPlaneCollision.m in Sources */,
				B503050D12DBBB420037B8FF /* ParticleConvexCollision.m in Sources */,
			);
			runOnlyForDeploymentPostprocessing = 0;
		};
/* End PBXSourcesBuildPhase section */

/* Begin PBXTargetDependency section */
		4EA9175D146C8EB000F7D51F /* PBXTargetDependency */ = {
			isa = PBXTargetDependency;
			name = "Artificial I";
			targetProxy = 4EA9175C146C8EB000F7D51F /* PBXContainerItemProxy */;
		};
/* End PBXTargetDependency section */

/* Begin XCBuildConfiguration section */
		1DEB921F08733DC00010E9CD /* Debug */ = {
			isa = XCBuildConfiguration;
			buildSettings = {
				ALWAYS_SEARCH_USER_PATHS = NO;
				ARCHS = "$(ARCHS_STANDARD_32_BIT)";
				COPY_PHASE_STRIP = NO;
				DSTROOT = /tmp/Express.dst;
				GCC_DYNAMIC_NO_PIC = NO;
				GCC_MODEL_TUNING = G5;
				GCC_OPTIMIZATION_LEVEL = 0;
				GCC_PRECOMPILE_PREFIX_HEADER = YES;
				GCC_PREFIX_HEADER = Express_Prefix.pch;
				GCC_VERSION = "";
				INSTALL_PATH = /usr/local/lib;
				OTHER_LDFLAGS = "-ObjC";
				PRODUCT_NAME = Express;
				SKIP_INSTALL = YES;
				USER_HEADER_SEARCH_PATHS = "\"$(SRCROOT)/../\"/**";
				VALID_ARCHS = armv7;
			};
			name = Debug;
		};
		1DEB922008733DC00010E9CD /* Release */ = {
			isa = XCBuildConfiguration;
			buildSettings = {
				ALWAYS_SEARCH_USER_PATHS = NO;
				ARCHS = "$(ARCHS_STANDARD_32_BIT)";
				DSTROOT = /tmp/Express.dst;
				GCC_MODEL_TUNING = G5;
				GCC_PRECOMPILE_PREFIX_HEADER = YES;
				GCC_PREFIX_HEADER = Express_Prefix.pch;
				GCC_VERSION = "";
				INSTALL_PATH = /usr/local/lib;
				OTHER_LDFLAGS = "-ObjC";
				PRODUCT_NAME = Express;
				SKIP_INSTALL = YES;
				USER_HEADER_SEARCH_PATHS = "\"$(SRCROOT)/../\"/**";
				VALID_ARCHS = armv7;
			};
			name = Release;
		};
		1DEB922308733DC00010E9CD /* Debug */ = {
			isa = XCBuildConfiguration;
			buildSettings = {
				ARCHS = "$(ARCHS_STANDARD_32_BIT)";
				GCC_C_LANGUAGE_STANDARD = c99;
				GCC_OPTIMIZATION_LEVEL = 0;
				GCC_WARN_ABOUT_RETURN_TYPE = YES;
				GCC_WARN_UNUSED_VARIABLE = YES;
				IPHONEOS_DEPLOYMENT_TARGET = 3.2;
				OTHER_LDFLAGS = "-ObjC";
				SDKROOT = iphoneos;
				USER_HEADER_SEARCH_PATHS = "$(BUILT_PRODUCTS_DIR)/**";
			};
			name = Debug;
		};
		1DEB922408733DC00010E9CD /* Release */ = {
			isa = XCBuildConfiguration;
			buildSettings = {
				ARCHS = "$(ARCHS_STANDARD_32_BIT)";
				GCC_C_LANGUAGE_STANDARD = c99;
				GCC_WARN_ABOUT_RETURN_TYPE = YES;
				GCC_WARN_UNUSED_VARIABLE = YES;
				IPHONEOS_DEPLOYMENT_TARGET = 3.2;
				OTHER_LDFLAGS = "-ObjC";
				SDKROOT = iphoneos;
				SKIP_INSTALL = YES;
				USER_HEADER_SEARCH_PATHS = "$(BUILT_PRODUCTS_DIR)/**";
			};
			name = Release;
		};
/* End XCBuildConfiguration section */

/* Begin XCConfigurationList section */
		1DEB921E08733DC00010E9CD /* Build configuration list for PBXNativeTarget "Express" */ = {
			isa = XCConfigurationList;
			buildConfigurations = (
				1DEB921F08733DC00010E9CD /* Debug */,
				1DEB922008733DC00010E9CD /* Release */,
			);
			defaultConfigurationIsVisible = 0;
			defaultConfigurationName = Release;
		};
		1DEB922208733DC00010E9CD /* Build configuration list for PBXProject "Express" */ = {
			isa = XCConfigurationList;
			buildConfigurations = (
				1DEB922308733DC00010E9CD /* Debug */,
				1DEB922408733DC00010E9CD /* Release */,
			);
			defaultConfigurationIsVisible = 0;
			defaultConfigurationName = Release;
		};
/* End XCConfigurationList section */
	};
	rootObject = 0867D690FE84028FC02AAC07 /* Project object */;
}
