// !$*UTF8*$!
{
	archiveVersion = 1;
	classes = {
	};
	objectVersion = 46;
	objects = {

/* Begin PBXBuildFile section */
		5B1B8323181D73720056884F /* Renderer.m in Sources */ = {isa = PBXBuildFile; fileRef = 5B1B8322181D73720056884F /* Renderer.m */; };
		5B1B8329181D739F0056884F /* Rocket.m in Sources */ = {isa = PBXBuildFile; fileRef = 5B1B8328181D739E0056884F /* Rocket.m */; };
		5B1B832F181D73B80056884F /* Level.m in Sources */ = {isa = PBXBuildFile; fileRef = 5B1B832E181D73B80056884F /* Level.m */; };
		5B26DAE9181D65BB00E9A839 /* AudioToolbox.framework in Frameworks */ = {isa = PBXBuildFile; fileRef = 5B26DAE8181D65BB00E9A839 /* AudioToolbox.framework */; };
		5B26DAEB181D65C100E9A839 /* AVFoundation.framework in Frameworks */ = {isa = PBXBuildFile; fileRef = 5B26DAEA181D65C100E9A839 /* AVFoundation.framework */; };
		5B26DAED181D660200E9A839 /* GameKit.framework in Frameworks */ = {isa = PBXBuildFile; fileRef = 5B26DAEC181D660200E9A839 /* GameKit.framework */; };
		5B26DAF0181D660A00E9A839 /* OpenAL.framework in Frameworks */ = {isa = PBXBuildFile; fileRef = 5B26DAEE181D660A00E9A839 /* OpenAL.framework */; };
		5B26DAF1181D660A00E9A839 /* OpenGLES.framework in Frameworks */ = {isa = PBXBuildFile; fileRef = 5B26DAEF181D660A00E9A839 /* OpenGLES.framework */; };
		5B26DAF3181D661100E9A839 /* QuartzCore.framework in Frameworks */ = {isa = PBXBuildFile; fileRef = 5B26DAF2181D661100E9A839 /* QuartzCore.framework */; };
		5B26DAF6181D66DB00E9A839 /* TheRocket.m in Sources */ = {isa = PBXBuildFile; fileRef = 5B26DAF5181D66DB00E9A839 /* TheRocket.m */; };
		5B28B449184E8392007E74B1 /* CoreMotion.framework in Frameworks */ = {isa = PBXBuildFile; fileRef = 5B28B448184E8392007E74B1 /* CoreMotion.framework */; };
		5B3CC0F91854B149002D975D /* Background.m in Sources */ = {isa = PBXBuildFile; fileRef = 5B3CC0F81854B149002D975D /* Background.m */; };
		5B3CC1081854B29A002D975D /* level0.png in Resources */ = {isa = PBXBuildFile; fileRef = 5B3CC0FA1854B29A002D975D /* level0.png */; };
		5B3CC1091854B29A002D975D /* level0s.png in Resources */ = {isa = PBXBuildFile; fileRef = 5B3CC0FB1854B29A002D975D /* level0s.png */; };
		5B3CC10A1854B29A002D975D /* level1.png in Resources */ = {isa = PBXBuildFile; fileRef = 5B3CC0FC1854B29A002D975D /* level1.png */; };
		5B3CC10B1854B29A002D975D /* level1s.png in Resources */ = {isa = PBXBuildFile; fileRef = 5B3CC0FD1854B29A002D975D /* level1s.png */; };
		5B3CC10C1854B29A002D975D /* level2.png in Resources */ = {isa = PBXBuildFile; fileRef = 5B3CC0FE1854B29A002D975D /* level2.png */; };
		5B3CC10D1854B29A002D975D /* level2s.png in Resources */ = {isa = PBXBuildFile; fileRef = 5B3CC0FF1854B29A002D975D /* level2s.png */; };
		5B3CC10E1854B29A002D975D /* level3.png in Resources */ = {isa = PBXBuildFile; fileRef = 5B3CC1001854B29A002D975D /* level3.png */; };
		5B3CC10F1854B29A002D975D /* level3s.png in Resources */ = {isa = PBXBuildFile; fileRef = 5B3CC1011854B29A002D975D /* level3s.png */; };
		5B3CC1101854B29A002D975D /* level4.png in Resources */ = {isa = PBXBuildFile; fileRef = 5B3CC1021854B29A002D975D /* level4.png */; };
		5B3CC1111854B29A002D975D /* level4s.png in Resources */ = {isa = PBXBuildFile; fileRef = 5B3CC1031854B29A002D975D /* level4s.png */; };
		5B3CC1121854B29A002D975D /* level5.png in Resources */ = {isa = PBXBuildFile; fileRef = 5B3CC1041854B29A002D975D /* level5.png */; };
		5B3CC1131854B29A002D975D /* level5s.png in Resources */ = {isa = PBXBuildFile; fileRef = 5B3CC1051854B29A002D975D /* level5s.png */; };
		5B3CC1141854B29A002D975D /* level6.png in Resources */ = {isa = PBXBuildFile; fileRef = 5B3CC1061854B29A002D975D /* level6.png */; };
		5B3CC1151854B29A002D975D /* level6s.png in Resources */ = {isa = PBXBuildFile; fileRef = 5B3CC1071854B29A002D975D /* level6s.png */; };
		5B4BE25D181D614300E0FEA9 /* UIKit.framework in Frameworks */ = {isa = PBXBuildFile; fileRef = 5B4BE25C181D614300E0FEA9 /* UIKit.framework */; };
		5B4BE25F181D614300E0FEA9 /* Foundation.framework in Frameworks */ = {isa = PBXBuildFile; fileRef = 5B4BE25E181D614300E0FEA9 /* Foundation.framework */; };
		5B4BE261181D614300E0FEA9 /* CoreGraphics.framework in Frameworks */ = {isa = PBXBuildFile; fileRef = 5B4BE260181D614300E0FEA9 /* CoreGraphics.framework */; };
		5B4BE267181D614300E0FEA9 /* InfoPlist.strings in Resources */ = {isa = PBXBuildFile; fileRef = 5B4BE265181D614300E0FEA9 /* InfoPlist.strings */; };
		5B4BE269181D614300E0FEA9 /* main.m in Sources */ = {isa = PBXBuildFile; fileRef = 5B4BE268181D614300E0FEA9 /* main.m */; };
		5B4BE27B181D614400E0FEA9 /* SenTestingKit.framework in Frameworks */ = {isa = PBXBuildFile; fileRef = 5B4BE27A181D614400E0FEA9 /* SenTestingKit.framework */; };
		5B4BE27C181D614400E0FEA9 /* UIKit.framework in Frameworks */ = {isa = PBXBuildFile; fileRef = 5B4BE25C181D614300E0FEA9 /* UIKit.framework */; };
		5B4BE27D181D614400E0FEA9 /* Foundation.framework in Frameworks */ = {isa = PBXBuildFile; fileRef = 5B4BE25E181D614300E0FEA9 /* Foundation.framework */; };
		5B4BE285181D614400E0FEA9 /* InfoPlist.strings in Resources */ = {isa = PBXBuildFile; fileRef = 5B4BE283181D614400E0FEA9 /* InfoPlist.strings */; };
		5B4BE288181D614400E0FEA9 /* TheRocketTests.m in Sources */ = {isa = PBXBuildFile; fileRef = 5B4BE287181D614400E0FEA9 /* TheRocketTests.m */; };
		5B6B084F18845D53002E6777 /* ObjectScene.m in Sources */ = {isa = PBXBuildFile; fileRef = 5B6B084E18845D53002E6777 /* ObjectScene.m */; };
		5B869A1F186B38FD00E73EBA /* SwitchBackgorund.m in Sources */ = {isa = PBXBuildFile; fileRef = 5B869A1E186B38FD00E73EBA /* SwitchBackgorund.m */; };
		5B869A24186C811700E73EBA /* VerticalLine.m in Sources */ = {isa = PBXBuildFile; fileRef = 5B869A23186C811600E73EBA /* VerticalLine.m */; };
		5B8AE7541854D0B300CBBB6C /* line.m in Sources */ = {isa = PBXBuildFile; fileRef = 5B8AE7531854D0B300CBBB6C /* line.m */; };
		5B8AE75718551AC600CBBB6C /* World.m in Sources */ = {isa = PBXBuildFile; fileRef = 5B8AE75618551AC400CBBB6C /* World.m */; };
		5B9523F218468BEE00AF5512 /* Camera.m in Sources */ = {isa = PBXBuildFile; fileRef = 5B9523F118468BEE00AF5512 /* Camera.m */; };
		5B96E7701833ED3A0072497E /* Player.m in Sources */ = {isa = PBXBuildFile; fileRef = 5B96E76F1833ED3A0072497E /* Player.m */; };
		5B96E7711833F10B0072497E /* libExpress.a in Frameworks */ = {isa = PBXBuildFile; fileRef = 5BE193001833E3D500112F3F /* libExpress.a */; };
		5B9B88B8187B2CEC000B4383 /* EnemyLevel.m in Sources */ = {isa = PBXBuildFile; fileRef = 5B9B88B7187B2CEC000B4383 /* EnemyLevel.m */; };
		5B9B88BB187B2D63000B4383 /* SimpleMonster.m in Sources */ = {isa = PBXBuildFile; fileRef = 5B9B88BA187B2D63000B4383 /* SimpleMonster.m */; };
		5BA43D211879AE010022D421 /* HorizontalLine.m in Sources */ = {isa = PBXBuildFile; fileRef = 5BA43D201879AE010022D421 /* HorizontalLine.m */; };
		5BAA539A18783AC000D114EA /* Bullet.m in Sources */ = {isa = PBXBuildFile; fileRef = 5BAA539918783AC000D114EA /* Bullet.m */; };
		5BBD6430187CA8A60067AD51 /* Explosion.m in Sources */ = {isa = PBXBuildFile; fileRef = 5BBD642F187CA8A60067AD51 /* Explosion.m */; };
		5BBD6432187CAFA20067AD51 /* explosion.png in Resources */ = {isa = PBXBuildFile; fileRef = 5BBD6431187CAFA20067AD51 /* explosion.png */; };
		5BD2DEF9187879E500C1EC94 /* bullet.png in Resources */ = {isa = PBXBuildFile; fileRef = 5BD2DEF8187879E400C1EC94 /* bullet.png */; };
		5BD2DEFD18787E9300C1EC94 /* bulletSound.wav in Resources */ = {isa = PBXBuildFile; fileRef = 5BD2DEFC18787E9300C1EC94 /* bulletSound.wav */; };
		5BD2DEFF18787F1700C1EC94 /* bulletSoundNew.wav in Resources */ = {isa = PBXBuildFile; fileRef = 5BD2DEFE18787F1700C1EC94 /* bulletSoundNew.wav */; };
		5BE1930B1833E63300112F3F /* Physics.m in Sources */ = {isa = PBXBuildFile; fileRef = 5BE1930A1833E63300112F3F /* Physics.m */; };
		5BE1930F1833E69A00112F3F /* Gameplay.m in Sources */ = {isa = PBXBuildFile; fileRef = 5BE1930E1833E69A00112F3F /* Gameplay.m */; };
		5BE193121833E6EC00112F3F /* Constants.m in Sources */ = {isa = PBXBuildFile; fileRef = 5BE193111833E6EC00112F3F /* Constants.m */; };
		5BE3331E18816632001ED094 /* EnemyScene.m in Sources */ = {isa = PBXBuildFile; fileRef = 5BE3331D18816632001ED094 /* EnemyScene.m */; };
		5BEF3011181D7B4E001F8B37 /* Default.png in Resources */ = {isa = PBXBuildFile; fileRef = 5BEF3010181D7B4E001F8B37 /* Default.png */; };
		5BEF3013181D7B58001F8B37 /* Default@2x.png in Resources */ = {isa = PBXBuildFile; fileRef = 5BEF3012181D7B57001F8B37 /* Default@2x.png */; };
		5BEF3015181D7B61001F8B37 /* Default-568h@2x.png in Resources */ = {isa = PBXBuildFile; fileRef = 5BEF3014181D7B61001F8B37 /* Default-568h@2x.png */; };
		5BEF3018181D8183001F8B37 /* ME.png in Resources */ = {isa = PBXBuildFile; fileRef = 5BEF3016181D8183001F8B37 /* ME.png */; };
		5BEF3019181D8183001F8B37 /* other.png in Resources */ = {isa = PBXBuildFile; fileRef = 5BEF3017181D8183001F8B37 /* other.png */; };
/* End PBXBuildFile section */

/* Begin PBXContainerItemProxy section */
		5B4BE27E181D614400E0FEA9 /* PBXContainerItemProxy */ = {
			isa = PBXContainerItemProxy;
			containerPortal = 5B4BE251181D614200E0FEA9 /* Project object */;
			proxyType = 1;
			remoteGlobalIDString = 5B4BE258181D614300E0FEA9;
			remoteInfo = TheRocket;
		};
		5BE192FF1833E3D500112F3F /* PBXContainerItemProxy */ = {
			isa = PBXContainerItemProxy;
			containerPortal = 5BE192FA1833E3D500112F3F /* Express.xcodeproj */;
			proxyType = 2;
			remoteGlobalIDString = D2AAC07E0554694100DB518D;
			remoteInfo = Express;
		};
		5BE193021833E43100112F3F /* PBXContainerItemProxy */ = {
			isa = PBXContainerItemProxy;
			containerPortal = 5BE192FA1833E3D500112F3F /* Express.xcodeproj */;
			proxyType = 1;
			remoteGlobalIDString = D2AAC07D0554694100DB518D;
			remoteInfo = Express;
		};
/* End PBXContainerItemProxy section */

/* Begin PBXFileReference section */
		5B04481918882F8D00DACBEE /* IMoreCell.h */ = {isa = PBXFileReference; fileEncoding = 4; lastKnownFileType = sourcecode.c.h; path = IMoreCell.h; sourceTree = "<group>"; };
		5B1B830E181D6B690056884F /* Headers.TheRocket.classes.h */ = {isa = PBXFileReference; fileEncoding = 4; lastKnownFileType = sourcecode.c.h; path = Headers.TheRocket.classes.h; sourceTree = "<group>"; };
		5B1B830F181D6B690056884F /* Headers.TheRocket.h */ = {isa = PBXFileReference; fileEncoding = 4; lastKnownFileType = sourcecode.c.h; path = Headers.TheRocket.h; sourceTree = "<group>"; };
		5B1B8321181D73720056884F /* Renderer.h */ = {isa = PBXFileReference; fileEncoding = 4; lastKnownFileType = sourcecode.c.h; path = Renderer.h; sourceTree = "<group>"; };
		5B1B8322181D73720056884F /* Renderer.m */ = {isa = PBXFileReference; fileEncoding = 4; lastKnownFileType = sourcecode.c.objc; path = Renderer.m; sourceTree = "<group>"; };
		5B1B8327181D739E0056884F /* Rocket.h */ = {isa = PBXFileReference; fileEncoding = 4; lastKnownFileType = sourcecode.c.h; path = Rocket.h; sourceTree = "<group>"; };
		5B1B8328181D739E0056884F /* Rocket.m */ = {isa = PBXFileReference; fileEncoding = 4; lastKnownFileType = sourcecode.c.objc; path = Rocket.m; sourceTree = "<group>"; };
		5B1B832D181D73B80056884F /* Level.h */ = {isa = PBXFileReference; fileEncoding = 4; lastKnownFileType = sourcecode.c.h; path = Level.h; sourceTree = "<group>"; };
		5B1B832E181D73B80056884F /* Level.m */ = {isa = PBXFileReference; fileEncoding = 4; lastKnownFileType = sourcecode.c.objc; path = Level.m; sourceTree = "<group>"; };
		5B26DAE6181D65AA00E9A839 /* libXNI.a */ = {isa = PBXFileReference; lastKnownFileType = archive.ar; name = libXNI.a; path = XNI/libXNI.a; sourceTree = "<group>"; };
		5B26DAE8181D65BB00E9A839 /* AudioToolbox.framework */ = {isa = PBXFileReference; lastKnownFileType = wrapper.framework; name = AudioToolbox.framework; path = System/Library/Frameworks/AudioToolbox.framework; sourceTree = SDKROOT; };
		5B26DAEA181D65C100E9A839 /* AVFoundation.framework */ = {isa = PBXFileReference; lastKnownFileType = wrapper.framework; name = AVFoundation.framework; path = System/Library/Frameworks/AVFoundation.framework; sourceTree = SDKROOT; };
		5B26DAEC181D660200E9A839 /* GameKit.framework */ = {isa = PBXFileReference; lastKnownFileType = wrapper.framework; name = GameKit.framework; path = System/Library/Frameworks/GameKit.framework; sourceTree = SDKROOT; };
		5B26DAEE181D660A00E9A839 /* OpenAL.framework */ = {isa = PBXFileReference; lastKnownFileType = wrapper.framework; name = OpenAL.framework; path = System/Library/Frameworks/OpenAL.framework; sourceTree = SDKROOT; };
		5B26DAEF181D660A00E9A839 /* OpenGLES.framework */ = {isa = PBXFileReference; lastKnownFileType = wrapper.framework; name = OpenGLES.framework; path = System/Library/Frameworks/OpenGLES.framework; sourceTree = SDKROOT; };
		5B26DAF2181D661100E9A839 /* QuartzCore.framework */ = {isa = PBXFileReference; lastKnownFileType = wrapper.framework; name = QuartzCore.framework; path = System/Library/Frameworks/QuartzCore.framework; sourceTree = SDKROOT; };
		5B26DAF4181D66DB00E9A839 /* TheRocket.h */ = {isa = PBXFileReference; fileEncoding = 4; lastKnownFileType = sourcecode.c.h; path = TheRocket.h; sourceTree = "<group>"; };
		5B26DAF5181D66DB00E9A839 /* TheRocket.m */ = {isa = PBXFileReference; fileEncoding = 4; lastKnownFileType = sourcecode.c.objc; path = TheRocket.m; sourceTree = "<group>"; };
		5B28B448184E8392007E74B1 /* CoreMotion.framework */ = {isa = PBXFileReference; lastKnownFileType = wrapper.framework; name = CoreMotion.framework; path = System/Library/Frameworks/CoreMotion.framework; sourceTree = SDKROOT; };
		5B3CC0F71854B149002D975D /* Background.h */ = {isa = PBXFileReference; fileEncoding = 4; lastKnownFileType = sourcecode.c.h; path = Background.h; sourceTree = "<group>"; };
		5B3CC0F81854B149002D975D /* Background.m */ = {isa = PBXFileReference; fileEncoding = 4; lastKnownFileType = sourcecode.c.objc; path = Background.m; sourceTree = "<group>"; };
		5B3CC0FA1854B29A002D975D /* level0.png */ = {isa = PBXFileReference; lastKnownFileType = image.png; name = level0.png; path = image/level0.png; sourceTree = "<group>"; };
		5B3CC0FB1854B29A002D975D /* level0s.png */ = {isa = PBXFileReference; lastKnownFileType = image.png; name = level0s.png; path = image/level0s.png; sourceTree = "<group>"; };
		5B3CC0FC1854B29A002D975D /* level1.png */ = {isa = PBXFileReference; lastKnownFileType = image.png; name = level1.png; path = image/level1.png; sourceTree = "<group>"; };
		5B3CC0FD1854B29A002D975D /* level1s.png */ = {isa = PBXFileReference; lastKnownFileType = image.png; name = level1s.png; path = image/level1s.png; sourceTree = "<group>"; };
		5B3CC0FE1854B29A002D975D /* level2.png */ = {isa = PBXFileReference; lastKnownFileType = image.png; name = level2.png; path = image/level2.png; sourceTree = "<group>"; };
		5B3CC0FF1854B29A002D975D /* level2s.png */ = {isa = PBXFileReference; lastKnownFileType = image.png; name = level2s.png; path = image/level2s.png; sourceTree = "<group>"; };
		5B3CC1001854B29A002D975D /* level3.png */ = {isa = PBXFileReference; lastKnownFileType = image.png; name = level3.png; path = image/level3.png; sourceTree = "<group>"; };
		5B3CC1011854B29A002D975D /* level3s.png */ = {isa = PBXFileReference; lastKnownFileType = image.png; name = level3s.png; path = image/level3s.png; sourceTree = "<group>"; };
		5B3CC1021854B29A002D975D /* level4.png */ = {isa = PBXFileReference; lastKnownFileType = image.png; name = level4.png; path = image/level4.png; sourceTree = "<group>"; };
		5B3CC1031854B29A002D975D /* level4s.png */ = {isa = PBXFileReference; lastKnownFileType = image.png; name = level4s.png; path = image/level4s.png; sourceTree = "<group>"; };
		5B3CC1041854B29A002D975D /* level5.png */ = {isa = PBXFileReference; lastKnownFileType = image.png; name = level5.png; path = image/level5.png; sourceTree = "<group>"; };
		5B3CC1051854B29A002D975D /* level5s.png */ = {isa = PBXFileReference; lastKnownFileType = image.png; name = level5s.png; path = image/level5s.png; sourceTree = "<group>"; };
		5B3CC1061854B29A002D975D /* level6.png */ = {isa = PBXFileReference; lastKnownFileType = image.png; name = level6.png; path = image/level6.png; sourceTree = "<group>"; };
		5B3CC1071854B29A002D975D /* level6s.png */ = {isa = PBXFileReference; lastKnownFileType = image.png; name = level6s.png; path = image/level6s.png; sourceTree = "<group>"; };
		5B4BE259181D614300E0FEA9 /* TheRocket.app */ = {isa = PBXFileReference; explicitFileType = wrapper.application; includeInIndex = 0; path = TheRocket.app; sourceTree = BUILT_PRODUCTS_DIR; };
		5B4BE25C181D614300E0FEA9 /* UIKit.framework */ = {isa = PBXFileReference; lastKnownFileType = wrapper.framework; name = UIKit.framework; path = System/Library/Frameworks/UIKit.framework; sourceTree = SDKROOT; };
		5B4BE25E181D614300E0FEA9 /* Foundation.framework */ = {isa = PBXFileReference; lastKnownFileType = wrapper.framework; name = Foundation.framework; path = System/Library/Frameworks/Foundation.framework; sourceTree = SDKROOT; };
		5B4BE260181D614300E0FEA9 /* CoreGraphics.framework */ = {isa = PBXFileReference; lastKnownFileType = wrapper.framework; name = CoreGraphics.framework; path = System/Library/Frameworks/CoreGraphics.framework; sourceTree = SDKROOT; };
		5B4BE264181D614300E0FEA9 /* TheRocket-Info.plist */ = {isa = PBXFileReference; lastKnownFileType = text.plist.xml; path = "TheRocket-Info.plist"; sourceTree = "<group>"; };
		5B4BE266181D614300E0FEA9 /* en */ = {isa = PBXFileReference; lastKnownFileType = text.plist.strings; name = en; path = en.lproj/InfoPlist.strings; sourceTree = "<group>"; };
		5B4BE268181D614300E0FEA9 /* main.m */ = {isa = PBXFileReference; lastKnownFileType = sourcecode.c.objc; path = main.m; sourceTree = "<group>"; };
		5B4BE26A181D614300E0FEA9 /* TheRocket-Prefix.pch */ = {isa = PBXFileReference; lastKnownFileType = sourcecode.c.h; path = "TheRocket-Prefix.pch"; sourceTree = "<group>"; };
		5B4BE279181D614400E0FEA9 /* TheRocketTests.octest */ = {isa = PBXFileReference; explicitFileType = wrapper.cfbundle; includeInIndex = 0; path = TheRocketTests.octest; sourceTree = BUILT_PRODUCTS_DIR; };
		5B4BE27A181D614400E0FEA9 /* SenTestingKit.framework */ = {isa = PBXFileReference; lastKnownFileType = wrapper.framework; name = SenTestingKit.framework; path = Library/Frameworks/SenTestingKit.framework; sourceTree = DEVELOPER_DIR; };
		5B4BE282181D614400E0FEA9 /* TheRocketTests-Info.plist */ = {isa = PBXFileReference; lastKnownFileType = text.plist.xml; path = "TheRocketTests-Info.plist"; sourceTree = "<group>"; };
		5B4BE284181D614400E0FEA9 /* en */ = {isa = PBXFileReference; lastKnownFileType = text.plist.strings; name = en; path = en.lproj/InfoPlist.strings; sourceTree = "<group>"; };
		5B4BE286181D614400E0FEA9 /* TheRocketTests.h */ = {isa = PBXFileReference; lastKnownFileType = sourcecode.c.h; path = TheRocketTests.h; sourceTree = "<group>"; };
		5B4BE287181D614400E0FEA9 /* TheRocketTests.m */ = {isa = PBXFileReference; lastKnownFileType = sourcecode.c.objc; path = TheRocketTests.m; sourceTree = "<group>"; };
		5B6B084D18845D53002E6777 /* ObjectScene.h */ = {isa = PBXFileReference; fileEncoding = 4; lastKnownFileType = sourcecode.c.h; path = ObjectScene.h; sourceTree = "<group>"; };
		5B6B084E18845D53002E6777 /* ObjectScene.m */ = {isa = PBXFileReference; fileEncoding = 4; lastKnownFileType = sourcecode.c.objc; path = ObjectScene.m; sourceTree = "<group>"; };
		5B869A1D186B38FD00E73EBA /* SwitchBackgorund.h */ = {isa = PBXFileReference; fileEncoding = 4; lastKnownFileType = sourcecode.c.h; path = SwitchBackgorund.h; sourceTree = "<group>"; };
		5B869A1E186B38FD00E73EBA /* SwitchBackgorund.m */ = {isa = PBXFileReference; fileEncoding = 4; lastKnownFileType = sourcecode.c.objc; path = SwitchBackgorund.m; sourceTree = "<group>"; };
		5B869A22186C811600E73EBA /* VerticalLine.h */ = {isa = PBXFileReference; fileEncoding = 4; lastKnownFileType = sourcecode.c.h; path = VerticalLine.h; sourceTree = "<group>"; };
		5B869A23186C811600E73EBA /* VerticalLine.m */ = {isa = PBXFileReference; fileEncoding = 4; lastKnownFileType = sourcecode.c.objc; path = VerticalLine.m; sourceTree = "<group>"; };
		5B8AE7521854D0B300CBBB6C /* line.h */ = {isa = PBXFileReference; fileEncoding = 4; lastKnownFileType = sourcecode.c.h; path = line.h; sourceTree = "<group>"; };
		5B8AE7531854D0B300CBBB6C /* line.m */ = {isa = PBXFileReference; fileEncoding = 4; lastKnownFileType = sourcecode.c.objc; path = line.m; sourceTree = "<group>"; };
		5B8AE75518551AC300CBBB6C /* World.h */ = {isa = PBXFileReference; fileEncoding = 4; lastKnownFileType = sourcecode.c.h; path = World.h; sourceTree = "<group>"; };
		5B8AE75618551AC400CBBB6C /* World.m */ = {isa = PBXFileReference; fileEncoding = 4; lastKnownFileType = sourcecode.c.objc; path = World.m; sourceTree = "<group>"; };
		5B9523F018468BEE00AF5512 /* Camera.h */ = {isa = PBXFileReference; fileEncoding = 4; lastKnownFileType = sourcecode.c.h; path = Camera.h; sourceTree = "<group>"; };
		5B9523F118468BEE00AF5512 /* Camera.m */ = {isa = PBXFileReference; fileEncoding = 4; lastKnownFileType = sourcecode.c.objc; path = Camera.m; sourceTree = "<group>"; };
		5B96E76E1833ED3A0072497E /* Player.h */ = {isa = PBXFileReference; fileEncoding = 4; lastKnownFileType = sourcecode.c.h; path = Player.h; sourceTree = "<group>"; };
		5B96E76F1833ED3A0072497E /* Player.m */ = {isa = PBXFileReference; fileEncoding = 4; lastKnownFileType = sourcecode.c.objc; path = Player.m; sourceTree = "<group>"; };
		5B9B88B6187B2CEC000B4383 /* EnemyLevel.h */ = {isa = PBXFileReference; fileEncoding = 4; lastKnownFileType = sourcecode.c.h; path = EnemyLevel.h; sourceTree = "<group>"; };
		5B9B88B7187B2CEC000B4383 /* EnemyLevel.m */ = {isa = PBXFileReference; fileEncoding = 4; lastKnownFileType = sourcecode.c.objc; path = EnemyLevel.m; sourceTree = "<group>"; };
		5B9B88B9187B2D63000B4383 /* SimpleMonster.h */ = {isa = PBXFileReference; fileEncoding = 4; lastKnownFileType = sourcecode.c.h; path = SimpleMonster.h; sourceTree = "<group>"; };
		5B9B88BA187B2D63000B4383 /* SimpleMonster.m */ = {isa = PBXFileReference; fileEncoding = 4; lastKnownFileType = sourcecode.c.objc; path = SimpleMonster.m; sourceTree = "<group>"; };
		5BA43D1F1879AE010022D421 /* HorizontalLine.h */ = {isa = PBXFileReference; fileEncoding = 4; lastKnownFileType = sourcecode.c.h; path = HorizontalLine.h; sourceTree = "<group>"; };
		5BA43D201879AE010022D421 /* HorizontalLine.m */ = {isa = PBXFileReference; fileEncoding = 4; lastKnownFileType = sourcecode.c.objc; path = HorizontalLine.m; sourceTree = "<group>"; };
		5BAA539818783AC000D114EA /* Bullet.h */ = {isa = PBXFileReference; fileEncoding = 4; lastKnownFileType = sourcecode.c.h; path = Bullet.h; sourceTree = "<group>"; };
		5BAA539918783AC000D114EA /* Bullet.m */ = {isa = PBXFileReference; fileEncoding = 4; lastKnownFileType = sourcecode.c.objc; path = Bullet.m; sourceTree = "<group>"; };
		5BBD642E187CA8A60067AD51 /* Explosion.h */ = {isa = PBXFileReference; fileEncoding = 4; lastKnownFileType = sourcecode.c.h; path = Explosion.h; sourceTree = "<group>"; };
		5BBD642F187CA8A60067AD51 /* Explosion.m */ = {isa = PBXFileReference; fileEncoding = 4; lastKnownFileType = sourcecode.c.objc; path = Explosion.m; sourceTree = "<group>"; };
		5BBD6431187CAFA20067AD51 /* explosion.png */ = {isa = PBXFileReference; lastKnownFileType = image.png; name = explosion.png; path = image/explosion.png; sourceTree = "<group>"; };
		5BD2DEF8187879E400C1EC94 /* bullet.png */ = {isa = PBXFileReference; lastKnownFileType = image.png; name = bullet.png; path = image/bullet.png; sourceTree = "<group>"; };
		5BD2DEFC18787E9300C1EC94 /* bulletSound.wav */ = {isa = PBXFileReference; lastKnownFileType = audio.wav; name = bulletSound.wav; path = sound/bulletSound.wav; sourceTree = "<group>"; };
		5BD2DEFE18787F1700C1EC94 /* bulletSoundNew.wav */ = {isa = PBXFileReference; lastKnownFileType = audio.wav; name = bulletSoundNew.wav; path = sound/bulletSoundNew.wav; sourceTree = "<group>"; };
		5BE192FA1833E3D500112F3F /* Express.xcodeproj */ = {isa = PBXFileReference; lastKnownFileType = "wrapper.pb-project"; name = Express.xcodeproj; path = Express/Express.xcodeproj; sourceTree = "<group>"; };
		5BE193091833E63300112F3F /* Physics.h */ = {isa = PBXFileReference; fileEncoding = 4; lastKnownFileType = sourcecode.c.h; path = Physics.h; sourceTree = "<group>"; };
		5BE1930A1833E63300112F3F /* Physics.m */ = {isa = PBXFileReference; fileEncoding = 4; lastKnownFileType = sourcecode.c.objc; path = Physics.m; sourceTree = "<group>"; };
		5BE1930D1833E69A00112F3F /* Gameplay.h */ = {isa = PBXFileReference; fileEncoding = 4; lastKnownFileType = sourcecode.c.h; path = Gameplay.h; sourceTree = "<group>"; };
		5BE1930E1833E69A00112F3F /* Gameplay.m */ = {isa = PBXFileReference; fileEncoding = 4; lastKnownFileType = sourcecode.c.objc; path = Gameplay.m; sourceTree = "<group>"; };
		5BE193101833E6EC00112F3F /* Constants.h */ = {isa = PBXFileReference; fileEncoding = 4; lastKnownFileType = sourcecode.c.h; path = Constants.h; sourceTree = "<group>"; };
		5BE193111833E6EC00112F3F /* Constants.m */ = {isa = PBXFileReference; fileEncoding = 4; lastKnownFileType = sourcecode.c.objc; path = Constants.m; sourceTree = "<group>"; };
		5BE3331C18816632001ED094 /* EnemyScene.h */ = {isa = PBXFileReference; fileEncoding = 4; lastKnownFileType = sourcecode.c.h; path = EnemyScene.h; sourceTree = "<group>"; };
		5BE3331D18816632001ED094 /* EnemyScene.m */ = {isa = PBXFileReference; fileEncoding = 4; lastKnownFileType = sourcecode.c.objc; path = EnemyScene.m; sourceTree = "<group>"; };
		5BE3332418819543001ED094 /* IGetCordinate.h */ = {isa = PBXFileReference; fileEncoding = 4; lastKnownFileType = sourcecode.c.h; path = IGetCordinate.h; sourceTree = "<group>"; };
		5BEF3010181D7B4E001F8B37 /* Default.png */ = {isa = PBXFileReference; lastKnownFileType = image.png; path = Default.png; sourceTree = "<group>"; };
		5BEF3012181D7B57001F8B37 /* Default@2x.png */ = {isa = PBXFileReference; lastKnownFileType = image.png; path = "Default@2x.png"; sourceTree = "<group>"; };
		5BEF3014181D7B61001F8B37 /* Default-568h@2x.png */ = {isa = PBXFileReference; lastKnownFileType = image.png; path = "Default-568h@2x.png"; sourceTree = "<group>"; };
		5BEF3016181D8183001F8B37 /* ME.png */ = {isa = PBXFileReference; lastKnownFileType = image.png; name = ME.png; path = image/ME.png; sourceTree = "<group>"; };
		5BEF3017181D8183001F8B37 /* other.png */ = {isa = PBXFileReference; lastKnownFileType = image.png; name = other.png; path = image/other.png; sourceTree = "<group>"; };
/* End PBXFileReference section */

/* Begin PBXFrameworksBuildPhase section */
		5B4BE256181D614300E0FEA9 /* Frameworks */ = {
			isa = PBXFrameworksBuildPhase;
			buildActionMask = 2147483647;
			files = (
				5B28B449184E8392007E74B1 /* CoreMotion.framework in Frameworks */,
				5B96E7711833F10B0072497E /* libExpress.a in Frameworks */,
				5B4BE25D181D614300E0FEA9 /* UIKit.framework in Frameworks */,
				5B26DAF3181D661100E9A839 /* QuartzCore.framework in Frameworks */,
				5B26DAF0181D660A00E9A839 /* OpenAL.framework in Frameworks */,
				5B26DAF1181D660A00E9A839 /* OpenGLES.framework in Frameworks */,
				5B26DAED181D660200E9A839 /* GameKit.framework in Frameworks */,
				5B26DAEB181D65C100E9A839 /* AVFoundation.framework in Frameworks */,
				5B26DAE9181D65BB00E9A839 /* AudioToolbox.framework in Frameworks */,
				5B4BE25F181D614300E0FEA9 /* Foundation.framework in Frameworks */,
				5B4BE261181D614300E0FEA9 /* CoreGraphics.framework in Frameworks */,
			);
			runOnlyForDeploymentPostprocessing = 0;
		};
		5B4BE275181D614400E0FEA9 /* Frameworks */ = {
			isa = PBXFrameworksBuildPhase;
			buildActionMask = 2147483647;
			files = (
				5B4BE27B181D614400E0FEA9 /* SenTestingKit.framework in Frameworks */,
				5B4BE27C181D614400E0FEA9 /* UIKit.framework in Frameworks */,
				5B4BE27D181D614400E0FEA9 /* Foundation.framework in Frameworks */,
			);
			runOnlyForDeploymentPostprocessing = 0;
		};
/* End PBXFrameworksBuildPhase section */

/* Begin PBXGroup section */
		5B1B8301181D68E30056884F /* Components */ = {
			isa = PBXGroup;
			children = (
				5B1B8321181D73720056884F /* Renderer.h */,
				5B1B8322181D73720056884F /* Renderer.m */,
			);
			name = Components;
			sourceTree = "<group>";
		};
		5B1B830A181D69F10056884F /* Scene */ = {
			isa = PBXGroup;
			children = (
				5B6B084D18845D53002E6777 /* ObjectScene.h */,
				5B6B084E18845D53002E6777 /* ObjectScene.m */,
				5B8AE75818551B0500CBBB6C /* World */,
				5B1B8313181D6BFC0056884F /* Objects */,
				5B9B88B3187B2C90000B4383 /* Enemy */,
				5B1B832D181D73B80056884F /* Level.h */,
				5B1B832E181D73B80056884F /* Level.m */,
			);
			name = Scene;
			sourceTree = "<group>";
		};
		5B1B8313181D6BFC0056884F /* Objects */ = {
			isa = PBXGroup;
			children = (
				5B9523F018468BEE00AF5512 /* Camera.h */,
				5B9523F118468BEE00AF5512 /* Camera.m */,
				5B1B8327181D739E0056884F /* Rocket.h */,
				5B1B8328181D739E0056884F /* Rocket.m */,
				5BA43D1E1879ADD70022D421 /* background */,
				5BA43D1D1879ADC30022D421 /* lines */,
				5BAA539818783AC000D114EA /* Bullet.h */,
				5BAA539918783AC000D114EA /* Bullet.m */,
				5BBD642E187CA8A60067AD51 /* Explosion.h */,
				5BBD642F187CA8A60067AD51 /* Explosion.m */,
			);
			name = Objects;
			sourceTree = "<group>";
		};
		5B4BE250181D614200E0FEA9 = {
			isa = PBXGroup;
			children = (
				5BE192FA1833E3D500112F3F /* Express.xcodeproj */,
				5BE193011833E3EA00112F3F /* splash */,
				5B4BE262181D614300E0FEA9 /* TheRocket */,
				5B4BE280181D614400E0FEA9 /* TheRocketTests */,
				5B4BE25B181D614300E0FEA9 /* Frameworks */,
				5B4BE25A181D614300E0FEA9 /* Products */,
			);
			sourceTree = "<group>";
		};
		5B4BE25A181D614300E0FEA9 /* Products */ = {
			isa = PBXGroup;
			children = (
				5B4BE259181D614300E0FEA9 /* TheRocket.app */,
				5B4BE279181D614400E0FEA9 /* TheRocketTests.octest */,
			);
			name = Products;
			sourceTree = "<group>";
		};
		5B4BE25B181D614300E0FEA9 /* Frameworks */ = {
			isa = PBXGroup;
			children = (
				5B26DAE6181D65AA00E9A839 /* libXNI.a */,
				5B28B448184E8392007E74B1 /* CoreMotion.framework */,
				5B26DAF2181D661100E9A839 /* QuartzCore.framework */,
				5B26DAEE181D660A00E9A839 /* OpenAL.framework */,
				5B26DAEF181D660A00E9A839 /* OpenGLES.framework */,
				5B26DAEC181D660200E9A839 /* GameKit.framework */,
				5B26DAEA181D65C100E9A839 /* AVFoundation.framework */,
				5B26DAE8181D65BB00E9A839 /* AudioToolbox.framework */,
				5B4BE25C181D614300E0FEA9 /* UIKit.framework */,
				5B4BE25E181D614300E0FEA9 /* Foundation.framework */,
				5B4BE260181D614300E0FEA9 /* CoreGraphics.framework */,
				5B4BE27A181D614400E0FEA9 /* SenTestingKit.framework */,
			);
			name = Frameworks;
			sourceTree = "<group>";
		};
		5B4BE262181D614300E0FEA9 /* TheRocket */ = {
			isa = PBXGroup;
			children = (
				5B1B830E181D6B690056884F /* Headers.TheRocket.classes.h */,
				5B1B830F181D6B690056884F /* Headers.TheRocket.h */,
				5BE193081833E61D00112F3F /* Physics */,
				5B1B8301181D68E30056884F /* Components */,
				5B1B830A181D69F10056884F /* Scene */,
				5B96E76D1833ECE80072497E /* Player */,
				5BE1930C1833E68A00112F3F /* Gameplay */,
				5B26DAF4181D66DB00E9A839 /* TheRocket.h */,
				5B26DAF5181D66DB00E9A839 /* TheRocket.m */,
				5BE193101833E6EC00112F3F /* Constants.h */,
				5BE193111833E6EC00112F3F /* Constants.m */,
				5BEF300D181D7889001F8B37 /* Resources */,
				5B4BE263181D614300E0FEA9 /* Supporting Files */,
			);
			path = TheRocket;
			sourceTree = "<group>";
		};
		5B4BE263181D614300E0FEA9 /* Supporting Files */ = {
			isa = PBXGroup;
			children = (
				5B4BE264181D614300E0FEA9 /* TheRocket-Info.plist */,
				5B4BE265181D614300E0FEA9 /* InfoPlist.strings */,
				5B4BE268181D614300E0FEA9 /* main.m */,
				5B4BE26A181D614300E0FEA9 /* TheRocket-Prefix.pch */,
			);
			name = "Supporting Files";
			sourceTree = "<group>";
		};
		5B4BE280181D614400E0FEA9 /* TheRocketTests */ = {
			isa = PBXGroup;
			children = (
				5B4BE286181D614400E0FEA9 /* TheRocketTests.h */,
				5B4BE287181D614400E0FEA9 /* TheRocketTests.m */,
				5B4BE281181D614400E0FEA9 /* Supporting Files */,
			);
			path = TheRocketTests;
			sourceTree = "<group>";
		};
		5B4BE281181D614400E0FEA9 /* Supporting Files */ = {
			isa = PBXGroup;
			children = (
				5B4BE282181D614400E0FEA9 /* TheRocketTests-Info.plist */,
				5B4BE283181D614400E0FEA9 /* InfoPlist.strings */,
			);
			name = "Supporting Files";
			sourceTree = "<group>";
		};
		5B6B73CE187DB9860081027D /* Object */ = {
			isa = PBXGroup;
			children = (
			);
			name = Object;
			sourceTree = "<group>";
		};
		5B8AE75818551B0500CBBB6C /* World */ = {
			isa = PBXGroup;
			children = (
				5B8AE75518551AC300CBBB6C /* World.h */,
				5B8AE75618551AC400CBBB6C /* World.m */,
			);
			name = World;
			sourceTree = "<group>";
		};
		5B96E76D1833ECE80072497E /* Player */ = {
			isa = PBXGroup;
			children = (
				5B96E76E1833ED3A0072497E /* Player.h */,
				5B96E76F1833ED3A0072497E /* Player.m */,
			);
			name = Player;
			sourceTree = "<group>";
		};
		5B9B88B3187B2C90000B4383 /* Enemy */ = {
			isa = PBXGroup;
			children = (
				5B6B73CE187DB9860081027D /* Object */,
				5B9B88B5187B2CC2000B4383 /* Monster */,
				5B9B88B4187B2CAB000B4383 /* Level */,
			);
			name = Enemy;
			sourceTree = "<group>";
		};
		5B9B88B4187B2CAB000B4383 /* Level */ = {
			isa = PBXGroup;
			children = (
				5B9B88B6187B2CEC000B4383 /* EnemyLevel.h */,
				5B9B88B7187B2CEC000B4383 /* EnemyLevel.m */,
				5BE3331C18816632001ED094 /* EnemyScene.h */,
				5BE3331D18816632001ED094 /* EnemyScene.m */,
			);
			name = Level;
			sourceTree = "<group>";
		};
		5B9B88B5187B2CC2000B4383 /* Monster */ = {
			isa = PBXGroup;
			children = (
				5B9B88B9187B2D63000B4383 /* SimpleMonster.h */,
				5B9B88BA187B2D63000B4383 /* SimpleMonster.m */,
			);
			name = Monster;
			sourceTree = "<group>";
		};
		5BA43D1D1879ADC30022D421 /* lines */ = {
			isa = PBXGroup;
			children = (
				5B8AE7521854D0B300CBBB6C /* line.h */,
				5B8AE7531854D0B300CBBB6C /* line.m */,
				5B869A22186C811600E73EBA /* VerticalLine.h */,
				5B869A23186C811600E73EBA /* VerticalLine.m */,
				5BA43D1F1879AE010022D421 /* HorizontalLine.h */,
				5BA43D201879AE010022D421 /* HorizontalLine.m */,
			);
			name = lines;
			sourceTree = "<group>";
		};
		5BA43D1E1879ADD70022D421 /* background */ = {
			isa = PBXGroup;
			children = (
				5B3CC0F71854B149002D975D /* Background.h */,
				5B3CC0F81854B149002D975D /* Background.m */,
				5B869A1D186B38FD00E73EBA /* SwitchBackgorund.h */,
				5B869A1E186B38FD00E73EBA /* SwitchBackgorund.m */,
			);
			name = background;
			sourceTree = "<group>";
		};
		5BE192FB1833E3D500112F3F /* Products */ = {
			isa = PBXGroup;
			children = (
				5BE193001833E3D500112F3F /* libExpress.a */,
			);
			name = Products;
			sourceTree = "<group>";
		};
		5BE193011833E3EA00112F3F /* splash */ = {
			isa = PBXGroup;
			children = (
				5BEF3014181D7B61001F8B37 /* Default-568h@2x.png */,
				5BEF3012181D7B57001F8B37 /* Default@2x.png */,
				5BEF3010181D7B4E001F8B37 /* Default.png */,
			);
			name = splash;
			sourceTree = "<group>";
		};
		5BE193081833E61D00112F3F /* Physics */ = {
			isa = PBXGroup;
			children = (
				5BE3332418819543001ED094 /* IGetCordinate.h */,
				5B04481918882F8D00DACBEE /* IMoreCell.h */,
				5BE193091833E63300112F3F /* Physics.h */,
				5BE1930A1833E63300112F3F /* Physics.m */,
			);
			name = Physics;
			sourceTree = "<group>";
		};
		5BE1930C1833E68A00112F3F /* Gameplay */ = {
			isa = PBXGroup;
			children = (
				5BE1930D1833E69A00112F3F /* Gameplay.h */,
				5BE1930E1833E69A00112F3F /* Gameplay.m */,
			);
			name = Gameplay;
			sourceTree = "<group>";
		};
		5BEF300D181D7889001F8B37 /* Resources */ = {
			isa = PBXGroup;
			children = (
				5BD2DEFE18787F1700C1EC94 /* bulletSoundNew.wav */,
				5BD2DEFC18787E9300C1EC94 /* bulletSound.wav */,
				5BBD6431187CAFA20067AD51 /* explosion.png */,
				5BD2DEF8187879E400C1EC94 /* bullet.png */,
				5BEF3016181D8183001F8B37 /* ME.png */,
				5BEF3017181D8183001F8B37 /* other.png */,
				5B3CC0FA1854B29A002D975D /* level0.png */,
				5B3CC0FB1854B29A002D975D /* level0s.png */,
				5B3CC0FC1854B29A002D975D /* level1.png */,
				5B3CC0FD1854B29A002D975D /* level1s.png */,
				5B3CC0FE1854B29A002D975D /* level2.png */,
				5B3CC0FF1854B29A002D975D /* level2s.png */,
				5B3CC1001854B29A002D975D /* level3.png */,
				5B3CC1011854B29A002D975D /* level3s.png */,
				5B3CC1021854B29A002D975D /* level4.png */,
				5B3CC1031854B29A002D975D /* level4s.png */,
				5B3CC1041854B29A002D975D /* level5.png */,
				5B3CC1051854B29A002D975D /* level5s.png */,
				5B3CC1061854B29A002D975D /* level6.png */,
				5B3CC1071854B29A002D975D /* level6s.png */,
			);
			name = Resources;
			sourceTree = "<group>";
		};
/* End PBXGroup section */

/* Begin PBXNativeTarget section */
		5B4BE258181D614300E0FEA9 /* TheRocket */ = {
			isa = PBXNativeTarget;
			buildConfigurationList = 5B4BE28B181D614400E0FEA9 /* Build configuration list for PBXNativeTarget "TheRocket" */;
			buildPhases = (
				5B4BE255181D614300E0FEA9 /* Sources */,
				5B4BE256181D614300E0FEA9 /* Frameworks */,
				5B4BE257181D614300E0FEA9 /* Resources */,
			);
			buildRules = (
			);
			dependencies = (
				5BE193031833E43100112F3F /* PBXTargetDependency */,
			);
			name = TheRocket;
			productName = TheRocket;
			productReference = 5B4BE259181D614300E0FEA9 /* TheRocket.app */;
			productType = "com.apple.product-type.application";
		};
		5B4BE278181D614400E0FEA9 /* TheRocketTests */ = {
			isa = PBXNativeTarget;
			buildConfigurationList = 5B4BE28E181D614400E0FEA9 /* Build configuration list for PBXNativeTarget "TheRocketTests" */;
			buildPhases = (
				5B4BE274181D614400E0FEA9 /* Sources */,
				5B4BE275181D614400E0FEA9 /* Frameworks */,
				5B4BE276181D614400E0FEA9 /* Resources */,
				5B4BE277181D614400E0FEA9 /* ShellScript */,
			);
			buildRules = (
			);
			dependencies = (
				5B4BE27F181D614400E0FEA9 /* PBXTargetDependency */,
			);
			name = TheRocketTests;
			productName = TheRocketTests;
			productReference = 5B4BE279181D614400E0FEA9 /* TheRocketTests.octest */;
			productType = "com.apple.product-type.bundle";
		};
/* End PBXNativeTarget section */

/* Begin PBXProject section */
		5B4BE251181D614200E0FEA9 /* Project object */ = {
			isa = PBXProject;
			attributes = {
				LastUpgradeCheck = 0460;
				ORGANIZATIONNAME = OC;
			};
			buildConfigurationList = 5B4BE254181D614200E0FEA9 /* Build configuration list for PBXProject "TheRocket" */;
			compatibilityVersion = "Xcode 3.2";
			developmentRegion = English;
			hasScannedForEncodings = 0;
			knownRegions = (
				en,
			);
			mainGroup = 5B4BE250181D614200E0FEA9;
			productRefGroup = 5B4BE25A181D614300E0FEA9 /* Products */;
			projectDirPath = "";
			projectReferences = (
				{
					ProductGroup = 5BE192FB1833E3D500112F3F /* Products */;
					ProjectRef = 5BE192FA1833E3D500112F3F /* Express.xcodeproj */;
				},
			);
			projectRoot = "";
			targets = (
				5B4BE258181D614300E0FEA9 /* TheRocket */,
				5B4BE278181D614400E0FEA9 /* TheRocketTests */,
			);
		};
/* End PBXProject section */

/* Begin PBXReferenceProxy section */
		5BE193001833E3D500112F3F /* libExpress.a */ = {
			isa = PBXReferenceProxy;
			fileType = archive.ar;
			path = libExpress.a;
			remoteRef = 5BE192FF1833E3D500112F3F /* PBXContainerItemProxy */;
			sourceTree = BUILT_PRODUCTS_DIR;
		};
/* End PBXReferenceProxy section */

/* Begin PBXResourcesBuildPhase section */
		5B4BE257181D614300E0FEA9 /* Resources */ = {
			isa = PBXResourcesBuildPhase;
			buildActionMask = 2147483647;
			files = (
				5B4BE267181D614300E0FEA9 /* InfoPlist.strings in Resources */,
				5BEF3011181D7B4E001F8B37 /* Default.png in Resources */,
				5BEF3013181D7B58001F8B37 /* Default@2x.png in Resources */,
				5BEF3015181D7B61001F8B37 /* Default-568h@2x.png in Resources */,
				5BEF3018181D8183001F8B37 /* ME.png in Resources */,
				5BEF3019181D8183001F8B37 /* other.png in Resources */,
				5B3CC1081854B29A002D975D /* level0.png in Resources */,
				5B3CC1091854B29A002D975D /* level0s.png in Resources */,
				5B3CC10A1854B29A002D975D /* level1.png in Resources */,
				5B3CC10B1854B29A002D975D /* level1s.png in Resources */,
				5B3CC10C1854B29A002D975D /* level2.png in Resources */,
				5B3CC10D1854B29A002D975D /* level2s.png in Resources */,
				5B3CC10E1854B29A002D975D /* level3.png in Resources */,
				5B3CC10F1854B29A002D975D /* level3s.png in Resources */,
				5B3CC1101854B29A002D975D /* level4.png in Resources */,
				5B3CC1111854B29A002D975D /* level4s.png in Resources */,
				5B3CC1121854B29A002D975D /* level5.png in Resources */,
				5B3CC1131854B29A002D975D /* level5s.png in Resources */,
				5B3CC1141854B29A002D975D /* level6.png in Resources */,
				5B3CC1151854B29A002D975D /* level6s.png in Resources */,
				5BD2DEF9187879E500C1EC94 /* bullet.png in Resources */,
				5BD2DEFD18787E9300C1EC94 /* bulletSound.wav in Resources */,
				5BD2DEFF18787F1700C1EC94 /* bulletSoundNew.wav in Resources */,
				5BBD6432187CAFA20067AD51 /* explosion.png in Resources */,
			);
			runOnlyForDeploymentPostprocessing = 0;
		};
		5B4BE276181D614400E0FEA9 /* Resources */ = {
			isa = PBXResourcesBuildPhase;
			buildActionMask = 2147483647;
			files = (
				5B4BE285181D614400E0FEA9 /* InfoPlist.strings in Resources */,
			);
			runOnlyForDeploymentPostprocessing = 0;
		};
/* End PBXResourcesBuildPhase section */

/* Begin PBXShellScriptBuildPhase section */
		5B4BE277181D614400E0FEA9 /* ShellScript */ = {
			isa = PBXShellScriptBuildPhase;
			buildActionMask = 2147483647;
			files = (
			);
			inputPaths = (
			);
			outputPaths = (
			);
			runOnlyForDeploymentPostprocessing = 0;
			shellPath = /bin/sh;
			shellScript = "# Run the unit tests in this test bundle.\n\"${SYSTEM_DEVELOPER_DIR}/Tools/RunUnitTests\"\n";
		};
/* End PBXShellScriptBuildPhase section */

/* Begin PBXSourcesBuildPhase section */
		5B4BE255181D614300E0FEA9 /* Sources */ = {
			isa = PBXSourcesBuildPhase;
			buildActionMask = 2147483647;
			files = (
				5B4BE269181D614300E0FEA9 /* main.m in Sources */,
				5B26DAF6181D66DB00E9A839 /* TheRocket.m in Sources */,
				5B1B8323181D73720056884F /* Renderer.m in Sources */,
				5B1B8329181D739F0056884F /* Rocket.m in Sources */,
				5B1B832F181D73B80056884F /* Level.m in Sources */,
				5BE1930B1833E63300112F3F /* Physics.m in Sources */,
				5BE1930F1833E69A00112F3F /* Gameplay.m in Sources */,
				5BE193121833E6EC00112F3F /* Constants.m in Sources */,
				5B96E7701833ED3A0072497E /* Player.m in Sources */,
				5B9523F218468BEE00AF5512 /* Camera.m in Sources */,
				5B3CC0F91854B149002D975D /* Background.m in Sources */,
				5B8AE7541854D0B300CBBB6C /* line.m in Sources */,
				5B8AE75718551AC600CBBB6C /* World.m in Sources */,
				5B869A1F186B38FD00E73EBA /* SwitchBackgorund.m in Sources */,
				5B869A24186C811700E73EBA /* VerticalLine.m in Sources */,
				5BAA539A18783AC000D114EA /* Bullet.m in Sources */,
				5BA43D211879AE010022D421 /* HorizontalLine.m in Sources */,
				5B9B88B8187B2CEC000B4383 /* EnemyLevel.m in Sources */,
				5B9B88BB187B2D63000B4383 /* SimpleMonster.m in Sources */,
				5BBD6430187CA8A60067AD51 /* Explosion.m in Sources */,
				5BE3331E18816632001ED094 /* EnemyScene.m in Sources */,
				5B6B084F18845D53002E6777 /* ObjectScene.m in Sources */,
			);
			runOnlyForDeploymentPostprocessing = 0;
		};
		5B4BE274181D614400E0FEA9 /* Sources */ = {
			isa = PBXSourcesBuildPhase;
			buildActionMask = 2147483647;
			files = (
				5B4BE288181D614400E0FEA9 /* TheRocketTests.m in Sources */,
			);
			runOnlyForDeploymentPostprocessing = 0;
		};
/* End PBXSourcesBuildPhase section */

/* Begin PBXTargetDependency section */
		5B4BE27F181D614400E0FEA9 /* PBXTargetDependency */ = {
			isa = PBXTargetDependency;
			target = 5B4BE258181D614300E0FEA9 /* TheRocket */;
			targetProxy = 5B4BE27E181D614400E0FEA9 /* PBXContainerItemProxy */;
		};
		5BE193031833E43100112F3F /* PBXTargetDependency */ = {
			isa = PBXTargetDependency;
			name = Express;
			targetProxy = 5BE193021833E43100112F3F /* PBXContainerItemProxy */;
		};
/* End PBXTargetDependency section */

/* Begin PBXVariantGroup section */
		5B4BE265181D614300E0FEA9 /* InfoPlist.strings */ = {
			isa = PBXVariantGroup;
			children = (
				5B4BE266181D614300E0FEA9 /* en */,
			);
			name = InfoPlist.strings;
			sourceTree = "<group>";
		};
		5B4BE283181D614400E0FEA9 /* InfoPlist.strings */ = {
			isa = PBXVariantGroup;
			children = (
				5B4BE284181D614400E0FEA9 /* en */,
			);
			name = InfoPlist.strings;
			sourceTree = "<group>";
		};
/* End PBXVariantGroup section */

/* Begin XCBuildConfiguration section */
		5B4BE289181D614400E0FEA9 /* Debug */ = {
			isa = XCBuildConfiguration;
			buildSettings = {
				ALWAYS_SEARCH_USER_PATHS = NO;
				CLANG_CXX_LANGUAGE_STANDARD = "gnu++0x";
				CLANG_CXX_LIBRARY = "libc++";
				CLANG_ENABLE_OBJC_ARC = YES;
				CLANG_WARN_CONSTANT_CONVERSION = YES;
				CLANG_WARN_EMPTY_BODY = YES;
				CLANG_WARN_ENUM_CONVERSION = YES;
				CLANG_WARN_INT_CONVERSION = YES;
				CLANG_WARN__DUPLICATE_METHOD_MATCH = YES;
				"CODE_SIGN_IDENTITY[sdk=iphoneos*]" = "iPhone Developer";
				COPY_PHASE_STRIP = NO;
				GCC_C_LANGUAGE_STANDARD = gnu99;
				GCC_DYNAMIC_NO_PIC = NO;
				GCC_OPTIMIZATION_LEVEL = 0;
				GCC_PREPROCESSOR_DEFINITIONS = (
					"DEBUG=1",
					"$(inherited)",
				);
				GCC_SYMBOLS_PRIVATE_EXTERN = NO;
				GCC_WARN_ABOUT_RETURN_TYPE = YES;
				GCC_WARN_UNINITIALIZED_AUTOS = YES;
				GCC_WARN_UNUSED_VARIABLE = YES;
				IPHONEOS_DEPLOYMENT_TARGET = 6.1;
				ONLY_ACTIVE_ARCH = YES;
				SDKROOT = iphoneos;
				TARGETED_DEVICE_FAMILY = "1,2";
			};
			name = Debug;
		};
		5B4BE28A181D614400E0FEA9 /* Release */ = {
			isa = XCBuildConfiguration;
			buildSettings = {
				ALWAYS_SEARCH_USER_PATHS = NO;
				CLANG_CXX_LANGUAGE_STANDARD = "gnu++0x";
				CLANG_CXX_LIBRARY = "libc++";
				CLANG_ENABLE_OBJC_ARC = YES;
				CLANG_WARN_CONSTANT_CONVERSION = YES;
				CLANG_WARN_EMPTY_BODY = YES;
				CLANG_WARN_ENUM_CONVERSION = YES;
				CLANG_WARN_INT_CONVERSION = YES;
				CLANG_WARN__DUPLICATE_METHOD_MATCH = YES;
				"CODE_SIGN_IDENTITY[sdk=iphoneos*]" = "iPhone Developer";
				COPY_PHASE_STRIP = YES;
				GCC_C_LANGUAGE_STANDARD = gnu99;
				GCC_WARN_ABOUT_RETURN_TYPE = YES;
				GCC_WARN_UNINITIALIZED_AUTOS = YES;
				GCC_WARN_UNUSED_VARIABLE = YES;
				IPHONEOS_DEPLOYMENT_TARGET = 6.1;
				OTHER_CFLAGS = "-DNS_BLOCK_ASSERTIONS=1";
				SDKROOT = iphoneos;
				TARGETED_DEVICE_FAMILY = "1,2";
				VALIDATE_PRODUCT = YES;
			};
			name = Release;
		};
		5B4BE28C181D614400E0FEA9 /* Debug */ = {
			isa = XCBuildConfiguration;
			buildSettings = {
				ARCHS = "$(ARCHS_STANDARD_32_BIT)";
				GCC_PRECOMPILE_PREFIX_HEADER = YES;
				GCC_PREFIX_HEADER = "TheRocket/TheRocket-Prefix.pch";
				INFOPLIST_FILE = "TheRocket/TheRocket-Info.plist";
				LIBRARY_SEARCH_PATHS = (
					"$(inherited)",
					"\"$(SRCROOT)/XNI\"",
					"\"$(SRCROOT)/Express/build/Release-iphonesimulator\"",
				);
				OTHER_LDFLAGS = (
					"-ObjC",
					"-all_load",
				);
				PRODUCT_NAME = "$(TARGET_NAME)";
				USER_HEADER_SEARCH_PATHS = "$(SRCROOT)/**";
				WRAPPER_EXTENSION = app;
			};
			name = Debug;
		};
		5B4BE28D181D614400E0FEA9 /* Release */ = {
			isa = XCBuildConfiguration;
			buildSettings = {
				ARCHS = "$(ARCHS_STANDARD_32_BIT)";
				GCC_PRECOMPILE_PREFIX_HEADER = YES;
				GCC_PREFIX_HEADER = "TheRocket/TheRocket-Prefix.pch";
				INFOPLIST_FILE = "TheRocket/TheRocket-Info.plist";
				LIBRARY_SEARCH_PATHS = (
					"$(inherited)",
					"\"$(SRCROOT)/XNI\"",
					"\"$(SRCROOT)/Express/build/Release-iphonesimulator\"",
				);
				OTHER_LDFLAGS = (
					"-ObjC",
					"-all_load",
				);
				PRODUCT_NAME = "$(TARGET_NAME)";
				USER_HEADER_SEARCH_PATHS = "$(SRCROOT)/**";
				WRAPPER_EXTENSION = app;
			};
			name = Release;
		};
		5B4BE28F181D614400E0FEA9 /* Debug */ = {
			isa = XCBuildConfiguration;
			buildSettings = {
				BUNDLE_LOADER = "$(BUILT_PRODUCTS_DIR)/TheRocket.app/TheRocket";
				FRAMEWORK_SEARCH_PATHS = (
					"\"$(SDKROOT)/Developer/Library/Frameworks\"",
					"\"$(DEVELOPER_LIBRARY_DIR)/Frameworks\"",
				);
				GCC_PRECOMPILE_PREFIX_HEADER = YES;
				GCC_PREFIX_HEADER = "TheRocket/TheRocket-Prefix.pch";
				INFOPLIST_FILE = "TheRocketTests/TheRocketTests-Info.plist";
				PRODUCT_NAME = "$(TARGET_NAME)";
				TEST_HOST = "$(BUNDLE_LOADER)";
				WRAPPER_EXTENSION = octest;
			};
			name = Debug;
		};
		5B4BE290181D614400E0FEA9 /* Release */ = {
			isa = XCBuildConfiguration;
			buildSettings = {
				BUNDLE_LOADER = "$(BUILT_PRODUCTS_DIR)/TheRocket.app/TheRocket";
				FRAMEWORK_SEARCH_PATHS = (
					"\"$(SDKROOT)/Developer/Library/Frameworks\"",
					"\"$(DEVELOPER_LIBRARY_DIR)/Frameworks\"",
				);
				GCC_PRECOMPILE_PREFIX_HEADER = YES;
				GCC_PREFIX_HEADER = "TheRocket/TheRocket-Prefix.pch";
				INFOPLIST_FILE = "TheRocketTests/TheRocketTests-Info.plist";
				PRODUCT_NAME = "$(TARGET_NAME)";
				TEST_HOST = "$(BUNDLE_LOADER)";
				WRAPPER_EXTENSION = octest;
			};
			name = Release;
		};
/* End XCBuildConfiguration section */

/* Begin XCConfigurationList section */
		5B4BE254181D614200E0FEA9 /* Build configuration list for PBXProject "TheRocket" */ = {
			isa = XCConfigurationList;
			buildConfigurations = (
				5B4BE289181D614400E0FEA9 /* Debug */,
				5B4BE28A181D614400E0FEA9 /* Release */,
			);
			defaultConfigurationIsVisible = 0;
			defaultConfigurationName = Release;
		};
		5B4BE28B181D614400E0FEA9 /* Build configuration list for PBXNativeTarget "TheRocket" */ = {
			isa = XCConfigurationList;
			buildConfigurations = (
				5B4BE28C181D614400E0FEA9 /* Debug */,
				5B4BE28D181D614400E0FEA9 /* Release */,
			);
			defaultConfigurationIsVisible = 0;
			defaultConfigurationName = Release;
		};
		5B4BE28E181D614400E0FEA9 /* Build configuration list for PBXNativeTarget "TheRocketTests" */ = {
			isa = XCConfigurationList;
			buildConfigurations = (
				5B4BE28F181D614400E0FEA9 /* Debug */,
				5B4BE290181D614400E0FEA9 /* Release */,
			);
			defaultConfigurationIsVisible = 0;
			defaultConfigurationName = Release;
		};
/* End XCConfigurationList section */
	};
	rootObject = 5B4BE251181D614200E0FEA9 /* Project object */;
}
